PODS:
  - CLTypingLabel (0.4.0)
  - Firebase/Auth (7.2.0):
    - Firebase/CoreOnly
    - FirebaseAuth (~> 7.2.0)
  - Firebase/CoreOnly (7.2.0):
    - FirebaseCore (= 7.2.0)
  - FirebaseAuth (7.2.0):
    - FirebaseCore (~> 7.0)
    - GoogleUtilities/AppDelegateSwizzler (~> 7.0)
    - GoogleUtilities/Environment (~> 7.0)
    - GTMSessionFetcher/Core (~> 1.4)
  - FirebaseCore (7.2.0):
    - FirebaseCoreDiagnostics (~> 7.0)
    - GoogleUtilities/Environment (~> 7.0)
    - GoogleUtilities/Logger (~> 7.0)
  - FirebaseCoreDiagnostics (7.2.0):
    - GoogleDataTransport (~> 8.0)
    - GoogleUtilities/Environment (~> 7.0)
    - GoogleUtilities/Logger (~> 7.0)
    - nanopb (~> 2.30906.0)
  - GoogleDataTransport (8.0.1):
    - nanopb (~> 2.30906.0)
  - GoogleUtilities/AppDelegateSwizzler (7.1.1):
    - GoogleUtilities/Environment
    - GoogleUtilities/Logger
    - GoogleUtilities/Network
  - GoogleUtilities/Environment (7.1.1):
    - PromisesObjC (~> 1.2)
  - GoogleUtilities/Logger (7.1.1):
    - GoogleUtilities/Environment
  - GoogleUtilities/Network (7.1.1):
    - GoogleUtilities/Logger
    - "GoogleUtilities/NSData+zlib"
    - GoogleUtilities/Reachability
  - "GoogleUtilities/NSData+zlib (7.1.1)"
  - GoogleUtilities/Reachability (7.1.1):
    - GoogleUtilities/Logger
  - GTMSessionFetcher/Core (1.5.0)
  - nanopb (2.30906.0):
    - nanopb/decode (= 2.30906.0)
    - nanopb/encode (= 2.30906.0)
  - nanopb/decode (2.30906.0)
  - nanopb/encode (2.30906.0)
  - PromisesObjC (1.2.11)
  - SkeletonView (1.11.0)

DEPENDENCIES:
  - CLTypingLabel
  - Firebase/Auth
  - SkeletonView

SPEC REPOS:
  trunk:
    - CLTypingLabel
    - Firebase
    - FirebaseAuth
    - FirebaseCore
    - FirebaseCoreDiagnostics
    - GoogleDataTransport
    - GoogleUtilities
    - GTMSessionFetcher
    - nanopb
    - PromisesObjC
    - SkeletonView

SPEC CHECKSUMS:
  CLTypingLabel: 95a7d1faf7e3d1d952cd11cb0491d17d80c50934
  Firebase: 456eeacc158d8c58586b7871619a81bb9f27d4ae
  FirebaseAuth: e6a214cc897d2eab7635b1e5dd6b4298fd1e776b
  FirebaseCore: c959e8a598f83125c01c1700d9161b236ab3833c
  FirebaseCoreDiagnostics: 2d508e12e77e9691ca67d1669b91ee80f0985b29
  GoogleDataTransport: e4085e6762f36a6141738f46b0153473ce57fb18
  GoogleUtilities: 3dc4ff0d5e4840e2fa8eef0889620e8c33d4218c
  GTMSessionFetcher: b3503b20a988c4e20cc189aa798fd18220133f52
  nanopb: 1bf24dd71191072e120b83dd02d08f3da0d65e53
  PromisesObjC: 8c196f5a328c2cba3e74624585467a557dcb482f
  SkeletonView: cc84ce90a804dd0dd7198dd802833411c8a64eaf

PODFILE CHECKSUM: d49489b826de8ac69222d4961ce57fbc1a147c50

COCOAPODS: 1.10.0
