// !$*UTF8*$!
{
	archiveVersion = 1;
	classes = {
	};
	objectVersion = 51;
	objects = {

/* Begin PBXBuildFile section */
		4E32D8F477D7CF1C5E637AAD /* Pods_Githubgenics.framework in Frameworks */ = {isa = PBXBuildFile; fileRef = 6C956E6BB032E64279D0C86D /* Pods_Githubgenics.framework */; };
		EA000B6625ED4E41005EF5D0 /* CommitsCell.swift in Sources */ = {isa = PBXBuildFile; fileRef = EA000B6425ED4E41005EF5D0 /* CommitsCell.swift */; };
		EA000B6725ED4E41005EF5D0 /* CommitsCell.xib in Resources */ = {isa = PBXBuildFile; fileRef = EA000B6525ED4E41005EF5D0 /* CommitsCell.xib */; };
		EA000B6D25ED4E76005EF5D0 /* SearchHistoryCell.swift in Sources */ = {isa = PBXBuildFile; fileRef = EA000B6B25ED4E76005EF5D0 /* SearchHistoryCell.swift */; };
		EA000B6E25ED4E76005EF5D0 /* SearchHistoryCell.xib in Resources */ = {isa = PBXBuildFile; fileRef = EA000B6C25ED4E76005EF5D0 /* SearchHistoryCell.xib */; };
		EA05895525C5567700BC1024 /* GitDataBase.swift in Sources */ = {isa = PBXBuildFile; fileRef = EA05895425C5567700BC1024 /* GitDataBase.swift */; };
		EA05898825C564C700BC1024 /* RVC SearchBar.swift in Sources */ = {isa = PBXBuildFile; fileRef = EA05898725C564C700BC1024 /* RVC SearchBar.swift */; };
		EA05898B25C564FB00BC1024 /* RVC TableView.swift in Sources */ = {isa = PBXBuildFile; fileRef = EA05898A25C564FB00BC1024 /* RVC TableView.swift */; };
		EA0589BA25C5696D00BC1024 /* BVC TableView.swift in Sources */ = {isa = PBXBuildFile; fileRef = EA0589B925C5696D00BC1024 /* BVC TableView.swift */; };
		EA0C2D9625BD068C00D3898A /* LastSearch+CoreDataClass.swift in Sources */ = {isa = PBXBuildFile; fileRef = EA0C2D9425BD068C00D3898A /* LastSearch+CoreDataClass.swift */; };
		EA0C2D9725BD068C00D3898A /* LastSearch+CoreDataProperties.swift in Sources */ = {isa = PBXBuildFile; fileRef = EA0C2D9525BD068C00D3898A /* LastSearch+CoreDataProperties.swift */; };
		EA1EABDA2620E278001CE23F /* OVC TableView.swift in Sources */ = {isa = PBXBuildFile; fileRef = EA1EABD92620E278001CE23F /* OVC TableView.swift */; };
		EA1EABE02620E2C7001CE23F /* OrgsViewModel.swift in Sources */ = {isa = PBXBuildFile; fileRef = EA1EABDF2620E2C7001CE23F /* OrgsViewModel.swift */; };
		EA1EABE52620E4E1001CE23F /* OrgsTableViewCell.swift in Sources */ = {isa = PBXBuildFile; fileRef = EA1EABE42620E4E1001CE23F /* OrgsTableViewCell.swift */; };
		EA1EABEC2620E6A3001CE23F /* PrivateOrgsViewController.swift in Sources */ = {isa = PBXBuildFile; fileRef = EA1EABEB2620E6A3001CE23F /* PrivateOrgsViewController.swift */; };
		EA1EABFC2620E723001CE23F /* PrivateStarredViewModel.swift in Sources */ = {isa = PBXBuildFile; fileRef = EA1EABFB2620E723001CE23F /* PrivateStarredViewModel.swift */; };
		EA1EAC022620E7A5001CE23F /* PrivateOrgsViewModel.swift in Sources */ = {isa = PBXBuildFile; fileRef = EA1EAC012620E7A5001CE23F /* PrivateOrgsViewModel.swift */; };
		EA1EAC062620E806001CE23F /* PrivateReposViewModel.swift in Sources */ = {isa = PBXBuildFile; fileRef = EA1EAC052620E806001CE23F /* PrivateReposViewModel.swift */; };
		EA1EAC1D2620E91E001CE23F /* PublicStarredViewModel.swift in Sources */ = {isa = PBXBuildFile; fileRef = EA1EAC1C2620E91E001CE23F /* PublicStarredViewModel.swift */; };
		EA1EAC242620E937001CE23F /* PublicReposViewModel.swift in Sources */ = {isa = PBXBuildFile; fileRef = EA1EAC232620E937001CE23F /* PublicReposViewModel.swift */; };
		EA1EAC382620ED0B001CE23F /* PublicReposView.storyboard in Resources */ = {isa = PBXBuildFile; fileRef = EA1EAC372620ED0B001CE23F /* PublicReposView.storyboard */; };
		EA1EAC3B2620ED8D001CE23F /* PrivateStarredView.storyboard in Resources */ = {isa = PBXBuildFile; fileRef = EA1EAC3A2620ED8D001CE23F /* PrivateStarredView.storyboard */; };
		EA1EAC3E2620ED9B001CE23F /* PrivateReposView.storyboard in Resources */ = {isa = PBXBuildFile; fileRef = EA1EAC3D2620ED9B001CE23F /* PrivateReposView.storyboard */; };
		EA1EAC412620EDB0001CE23F /* PrivateOrgsView.storyboard in Resources */ = {isa = PBXBuildFile; fileRef = EA1EAC402620EDB0001CE23F /* PrivateOrgsView.storyboard */; };
		EA1EAC4B2620EFC6001CE23F /* PRVC TableView.swift in Sources */ = {isa = PBXBuildFile; fileRef = EA1EAC4A2620EFC6001CE23F /* PRVC TableView.swift */; };
		EA1EAC4E2620F420001CE23F /* PSVC TableView.swift in Sources */ = {isa = PBXBuildFile; fileRef = EA1EAC4D2620F420001CE23F /* PSVC TableView.swift */; };
		EA1EAC522620F614001CE23F /* POVC TableView.swift in Sources */ = {isa = PBXBuildFile; fileRef = EA1EAC512620F614001CE23F /* POVC TableView.swift */; };
		EA1EAC5B2620F8AA001CE23F /* PVC TableView.swift in Sources */ = {isa = PBXBuildFile; fileRef = EA1EAC5A2620F8AA001CE23F /* PVC TableView.swift */; };
		EA1EAC622620FB4D001CE23F /* PUVC TableView.swift in Sources */ = {isa = PBXBuildFile; fileRef = EA1EAC612620FB4D001CE23F /* PUVC TableView.swift */; };
		EA1EAC672620FED5001CE23F /* PRRVC TableView.swift in Sources */ = {isa = PBXBuildFile; fileRef = EA1EAC662620FED5001CE23F /* PRRVC TableView.swift */; };
		EA1EAC7526210425001CE23F /* LoginViewModel.swift in Sources */ = {isa = PBXBuildFile; fileRef = EA1EAC7426210425001CE23F /* LoginViewModel.swift */; };
		EA1EAC7F26210486001CE23F /* PfUVC TableView.swift in Sources */ = {isa = PBXBuildFile; fileRef = EA1EAC7E26210486001CE23F /* PfUVC TableView.swift */; };
		EA1EAC8E26210911001CE23F /* ProfileTableViewCell.swift in Sources */ = {isa = PBXBuildFile; fileRef = EA1EAC8D26210911001CE23F /* ProfileTableViewCell.swift */; };
		EA22D78325CE2DE0009C0EEF /* GitRequestInterceptor.swift in Sources */ = {isa = PBXBuildFile; fileRef = EA22D77C25CE2DE0009C0EEF /* GitRequestInterceptor.swift */; };
		EA22D78525CE2DE0009C0EEF /* GitRequestRouter.swift in Sources */ = {isa = PBXBuildFile; fileRef = EA22D77D25CE2DE0009C0EEF /* GitRequestRouter.swift */; };
		EA22D78625CE2DE0009C0EEF /* GitNetworkLogger.swift in Sources */ = {isa = PBXBuildFile; fileRef = EA22D77E25CE2DE0009C0EEF /* GitNetworkLogger.swift */; };
		EA22D78D25CE2DF4009C0EEF /* GitSecureStoreError.swift in Sources */ = {isa = PBXBuildFile; fileRef = EA22D78B25CE2DF4009C0EEF /* GitSecureStoreError.swift */; };
		EA22D78E25CE2DF4009C0EEF /* GitSecureStore.swift in Sources */ = {isa = PBXBuildFile; fileRef = EA22D78C25CE2DF4009C0EEF /* GitSecureStore.swift */; };
		EA22D79425CE2E26009C0EEF /* GitSecureStoreQueryable.swift in Sources */ = {isa = PBXBuildFile; fileRef = EA22D79325CE2E26009C0EEF /* GitSecureStoreQueryable.swift */; };
		EA22D79925CE2E37009C0EEF /* RepositoriesViewController.swift in Sources */ = {isa = PBXBuildFile; fileRef = EA22D79625CE2E37009C0EEF /* RepositoriesViewController.swift */; };
		EA22D7A125CE2EAB009C0EEF /* GitHubConstants.swift in Sources */ = {isa = PBXBuildFile; fileRef = EA22D78225CE2DE0009C0EEF /* GitHubConstants.swift */; };
		EA22D7B625CE2F1B009C0EEF /* GitTokenManager.swift in Sources */ = {isa = PBXBuildFile; fileRef = EA22D78125CE2DE0009C0EEF /* GitTokenManager.swift */; };
		EA22D7B725CE2F1B009C0EEF /* GitHubAccessToken.swift in Sources */ = {isa = PBXBuildFile; fileRef = EA22D78025CE2DE0009C0EEF /* GitHubAccessToken.swift */; };
		EA23A07025ED5C1A001B943F /* PublicOrgsViewController.swift in Sources */ = {isa = PBXBuildFile; fileRef = EA23A06B25ED5C19001B943F /* PublicOrgsViewController.swift */; };
		EA23A07125ED5C1A001B943F /* PublicStarredViewController.swift in Sources */ = {isa = PBXBuildFile; fileRef = EA23A06825ED5C19001B943F /* PublicStarredViewController.swift */; };
		EA23A07225ED5C1A001B943F /* PublicReposViewController.swift in Sources */ = {isa = PBXBuildFile; fileRef = EA23A06E25ED5C1A001B943F /* PublicReposViewController.swift */; };
		EA23A08325ED6766001B943F /* PublicOrgsView.storyboard in Resources */ = {isa = PBXBuildFile; fileRef = EA23A08225ED6766001B943F /* PublicOrgsView.storyboard */; };
		EA2F137725DF21A400470A04 /* Repository.swift in Sources */ = {isa = PBXBuildFile; fileRef = EA2F137625DF21A400470A04 /* Repository.swift */; };
		EA31595126018FB50038883D /* HVC Table.swift in Sources */ = {isa = PBXBuildFile; fileRef = EA31595026018FB50038883D /* HVC Table.swift */; };
		EA31595426018FC50038883D /* HVC Search.swift in Sources */ = {isa = PBXBuildFile; fileRef = EA31595326018FC50038883D /* HVC Search.swift */; };
		EA315966260192720038883D /* Users.storyboard in Resources */ = {isa = PBXBuildFile; fileRef = EA315965260192720038883D /* Users.storyboard */; };
		EA3FA0FA25AE9B88008D7520 /* LaunchScreenViewController.swift in Sources */ = {isa = PBXBuildFile; fileRef = EA3FA0F925AE9B88008D7520 /* LaunchScreenViewController.swift */; };
		EA3FA0FD25AE9C00008D7520 /* loadingspinner.json in Resources */ = {isa = PBXBuildFile; fileRef = EA3FA0FC25AE9C00008D7520 /* loadingspinner.json */; };
		EA43BCD325965CAD00098ACA /* ReposTableViewCell.swift in Sources */ = {isa = PBXBuildFile; fileRef = EA43BCD225965CAD00098ACA /* ReposTableViewCell.swift */; };
		EA4530C825BFAD3B00651BFA /* GitLocalization.swift in Sources */ = {isa = PBXBuildFile; fileRef = EA4530C725BFAD3B00651BFA /* GitLocalization.swift */; };
		EA45AA1A259C45E400365E9B /* GitNetwrokReachability.swift in Sources */ = {isa = PBXBuildFile; fileRef = EA45AA19259C45E400365E9B /* GitNetwrokReachability.swift */; };
		EA463E92260027D400F43E7D /* HomeViewController.swift in Sources */ = {isa = PBXBuildFile; fileRef = EA463E91260027D400F43E7D /* HomeViewController.swift */; };
		EA48ACF025D4D2C9006803BD /* GitNetworkMonitor.swift in Sources */ = {isa = PBXBuildFile; fileRef = EA48ACEF25D4D2C9006803BD /* GitNetworkMonitor.swift */; };
		EA4BCB1625BCDC71000F302A /* LastSearchCollection.swift in Sources */ = {isa = PBXBuildFile; fileRef = EA4BCB1525BCDC71000F302A /* LastSearchCollection.swift */; };
		EA504725260702C600733740 /* TableViewCell.swift in Sources */ = {isa = PBXBuildFile; fileRef = EA504724260702C600733740 /* TableViewCell.swift */; };
		EA50D2B825FD6F7800EE32F8 /* GitEntities.swift in Sources */ = {isa = PBXBuildFile; fileRef = EA50D2B725FD6F7800EE32F8 /* GitEntities.swift */; };
		EA566FE925927B9D00596E6A /* AppDelegate.swift in Sources */ = {isa = PBXBuildFile; fileRef = EA566FE825927B9D00596E6A /* AppDelegate.swift */; };
		EA566FEB25927B9D00596E6A /* SceneDelegate.swift in Sources */ = {isa = PBXBuildFile; fileRef = EA566FEA25927B9D00596E6A /* SceneDelegate.swift */; };
		EA566FF525927B9E00596E6A /* Assets.xcassets in Resources */ = {isa = PBXBuildFile; fileRef = EA566FF425927B9E00596E6A /* Assets.xcassets */; };
		EA566FF825927B9E00596E6A /* LaunchScreen.storyboard in Resources */ = {isa = PBXBuildFile; fileRef = EA566FF625927B9E00596E6A /* LaunchScreen.storyboard */; };
		EA5EADF725929E2700AC3223 /* UsersViewController.swift in Sources */ = {isa = PBXBuildFile; fileRef = EA5EADF625929E2700AC3223 /* UsersViewController.swift */; };
		EA5FD26325D62CAD002E8927 /* GitHaptics.swift in Sources */ = {isa = PBXBuildFile; fileRef = EA5FD26225D62CAD002E8927 /* GitHaptics.swift */; };
		EA622CFC25C54F3800EC5F3C /* Users.swift in Sources */ = {isa = PBXBuildFile; fileRef = EA622CFB25C54F3800EC5F3C /* Users.swift */; };
		EA62595F25CFD75300D63BE0 /* GitSessionManger.swift in Sources */ = {isa = PBXBuildFile; fileRef = EA62595E25CFD75300D63BE0 /* GitSessionManger.swift */; };
		EA65CB8125BE9692005CBA09 /* SavedRepositories+CoreDataProperties copy.swift in Sources */ = {isa = PBXBuildFile; fileRef = EA65CB7F25BE9692005CBA09 /* SavedRepositories+CoreDataProperties copy.swift */; };
		EA668B9D25BFE82000392A30 /* SavedRepositories+CoreDataClass.swift in Sources */ = {isa = PBXBuildFile; fileRef = EA668B9C25BFE82000392A30 /* SavedRepositories+CoreDataClass.swift */; };
		EA668BA125BFE83C00392A30 /* Githubgenics.xcdatamodeld in Sources */ = {isa = PBXBuildFile; fileRef = EA668B9F25BFE83C00392A30 /* Githubgenics.xcdatamodeld */; };
		EA71B59C25E40C4F00779B9A /* TabBarViewController.swift in Sources */ = {isa = PBXBuildFile; fileRef = EA71B59B25E40C4F00779B9A /* TabBarViewController.swift */; };
		EA7216D425B6121200E21D3B /* Localizable.strings in Resources */ = {isa = PBXBuildFile; fileRef = EA7216D625B6121200E21D3B /* Localizable.strings */; };
		EA7C4CA925BAA7E000EC9F45 /* BookmarksViewController.swift in Sources */ = {isa = PBXBuildFile; fileRef = EA7C4CA825BAA7E000EC9F45 /* BookmarksViewController.swift */; };
		EA7C4CAD25BAA8E200EC9F45 /* UsersDataBase+CoreDataClass copy.swift in Sources */ = {isa = PBXBuildFile; fileRef = EA7C4CAB25BAA8E200EC9F45 /* UsersDataBase+CoreDataClass copy.swift */; };
		EA7C4CAE25BAA8E200EC9F45 /* UsersDataBase+CoreDataProperties copy.swift in Sources */ = {isa = PBXBuildFile; fileRef = EA7C4CAC25BAA8E200EC9F45 /* UsersDataBase+CoreDataProperties copy.swift */; };
		EA830F88260198F600F3D2A8 /* UVC Collectio.swift in Sources */ = {isa = PBXBuildFile; fileRef = EA830F87260198F600F3D2A8 /* UVC Collectio.swift */; };
		EA88A7B725D709CB008663BD /* GitStoryboardIDs.swift in Sources */ = {isa = PBXBuildFile; fileRef = EA88A7B625D709CB008663BD /* GitStoryboardIDs.swift */; };
		EA94DCBC25C6726C00E2C30B /* UVC TableView.swift in Sources */ = {isa = PBXBuildFile; fileRef = EA94DCBB25C6726C00E2C30B /* UVC TableView.swift */; };
		EA9743522596C3790057C8A0 /* SettingsViewController.swift in Sources */ = {isa = PBXBuildFile; fileRef = EA9743512596C3790057C8A0 /* SettingsViewController.swift */; };
		EA999A6525927C02005E832C /* PublicUserProfileViewController.swift in Sources */ = {isa = PBXBuildFile; fileRef = EA999A6425927C02005E832C /* PublicUserProfileViewController.swift */; };
		EA999A7A25927CAA005E832C /* LoginViewController.swift in Sources */ = {isa = PBXBuildFile; fileRef = EA999A7925927CAA005E832C /* LoginViewController.swift */; };
		EAA710F525BD4707004D7E21 /* GitAPIcaller.swift in Sources */ = {isa = PBXBuildFile; fileRef = EAA710F425BD4707004D7E21 /* GitAPIcaller.swift */; };
		EAA87CC52606E796006BC6E7 /* ViewSetups.swift in Sources */ = {isa = PBXBuildFile; fileRef = EAA87CC42606E796006BC6E7 /* ViewSetups.swift */; };
		EAA87CC82606EED4006BC6E7 /* ExploreViewController.swift in Sources */ = {isa = PBXBuildFile; fileRef = EAA87CC72606EED4006BC6E7 /* ExploreViewController.swift */; };
		EAA87CD72606FC6A006BC6E7 /* ExploreCollectionViewCell.swift in Sources */ = {isa = PBXBuildFile; fileRef = EAA87CD52606FC6A006BC6E7 /* ExploreCollectionViewCell.swift */; };
		EAA87CD82606FC6A006BC6E7 /* ExploreCollectionViewCell.xib in Resources */ = {isa = PBXBuildFile; fileRef = EAA87CD62606FC6A006BC6E7 /* ExploreCollectionViewCell.xib */; };
		EAAF81FE25D4EDAD006C44EC /* GitCellDelegates.swift in Sources */ = {isa = PBXBuildFile; fileRef = EAAF81FD25D4EDAD006C44EC /* GitCellDelegates.swift */; };
		EAAF820825D4F012006C44EC /* DarkModeCell.swift in Sources */ = {isa = PBXBuildFile; fileRef = EAAF820725D4F012006C44EC /* DarkModeCell.swift */; };
		EAAF820C25D4F036006C44EC /* SignOutCell.swift in Sources */ = {isa = PBXBuildFile; fileRef = EAAF820A25D4F036006C44EC /* SignOutCell.swift */; };
		EAB2AD1325BBF573001B6DD7 /* SearchHistory+CoreDataClass.swift in Sources */ = {isa = PBXBuildFile; fileRef = EAB2AD1125BBF573001B6DD7 /* SearchHistory+CoreDataClass.swift */; };
		EAB2AD1425BBF573001B6DD7 /* SearchHistory+CoreDataProperties.swift in Sources */ = {isa = PBXBuildFile; fileRef = EAB2AD1225BBF573001B6DD7 /* SearchHistory+CoreDataProperties.swift */; };
		EABF30EF25C7C95000A17456 /* UVC SearchBar.swift in Sources */ = {isa = PBXBuildFile; fileRef = EABF30EE25C7C95000A17456 /* UVC SearchBar.swift */; };
		EAC1636625BAB789007EDC96 /* UsersTableViewCell.xib in Resources */ = {isa = PBXBuildFile; fileRef = EAC1636325BAB789007EDC96 /* UsersTableViewCell.xib */; };
		EAC1636725BAB789007EDC96 /* ReposTableViewCell.xib in Resources */ = {isa = PBXBuildFile; fileRef = EAC1636425BAB789007EDC96 /* ReposTableViewCell.xib */; };
		EAC1636825BAB789007EDC96 /* Main.storyboard in Resources */ = {isa = PBXBuildFile; fileRef = EAC1636525BAB789007EDC96 /* Main.storyboard */; };
		EAC3B16F25C951B600F798DA /* Commits.swift in Sources */ = {isa = PBXBuildFile; fileRef = EAC3B16E25C951B600F798DA /* Commits.swift */; };
		EAC3B17325C9520700F798DA /* CommitsViewController.swift in Sources */ = {isa = PBXBuildFile; fileRef = EAC3B17225C9520700F798DA /* CommitsViewController.swift */; };
		EAD4476625B0148A00FB42B4 /* UsersTableViewCell.swift in Sources */ = {isa = PBXBuildFile; fileRef = EAD4476425B0148A00FB42B4 /* UsersTableViewCell.swift */; };
		EADCD06D25E334DD005F7033 /* ProfileViewController.swift in Sources */ = {isa = PBXBuildFile; fileRef = EADCD06C25E334DD005F7033 /* ProfileViewController.swift */; };
		EADCD07525E35FF6005F7033 /* PrivateReposViewController.swift in Sources */ = {isa = PBXBuildFile; fileRef = EADCD07425E35FF6005F7033 /* PrivateReposViewController.swift */; };
		EADCD07825E36681005F7033 /* Orgs.swift in Sources */ = {isa = PBXBuildFile; fileRef = EADCD07725E36681005F7033 /* Orgs.swift */; };
		EADCD08025E36AE8005F7033 /* PrivateStarredViewController.swift in Sources */ = {isa = PBXBuildFile; fileRef = EADCD07F25E36AE8005F7033 /* PrivateStarredViewController.swift */; };
		EADCD08625E36EC1005F7033 /* GitViewExtension.swift in Sources */ = {isa = PBXBuildFile; fileRef = EADCD08525E36EC1005F7033 /* GitViewExtension.swift */; };
		EADCD09425E388EE005F7033 /* PrivateUser.swift in Sources */ = {isa = PBXBuildFile; fileRef = EADCD09325E388EE005F7033 /* PrivateUser.swift */; };
		EADCFDB7261E42BA00E8A1A3 /* HomeViewModel.swift in Sources */ = {isa = PBXBuildFile; fileRef = EADCFDB6261E42BA00E8A1A3 /* HomeViewModel.swift */; };
		EADCFDBA261E48CA00E8A1A3 /* HomeTableViewCell.swift in Sources */ = {isa = PBXBuildFile; fileRef = EADCFDB9261E48CA00E8A1A3 /* HomeTableViewCell.swift */; };
		EADCFDBD261E493200E8A1A3 /* SearchOptionsCell.swift in Sources */ = {isa = PBXBuildFile; fileRef = EADCFDBC261E493200E8A1A3 /* SearchOptionsCell.swift */; };
		EADCFDC0261E494600E8A1A3 /* SearchHstoryCell.swift in Sources */ = {isa = PBXBuildFile; fileRef = EADCFDBF261E494600E8A1A3 /* SearchHstoryCell.swift */; };
		EADCFDCF261E719700E8A1A3 /* ExploreViewModel.swift in Sources */ = {isa = PBXBuildFile; fileRef = EADCFDCE261E719700E8A1A3 /* ExploreViewModel.swift */; };
		EADCFDD9261E71DC00E8A1A3 /* ProfileViewModel.swift in Sources */ = {isa = PBXBuildFile; fileRef = EADCFDD8261E71DC00E8A1A3 /* ProfileViewModel.swift */; };
		EADCFDDC261E71EA00E8A1A3 /* BookmarksViewModel.swift in Sources */ = {isa = PBXBuildFile; fileRef = EADCFDDB261E71EA00E8A1A3 /* BookmarksViewModel.swift */; };
		EADCFE04261E749C00E8A1A3 /* UsersViewModel.swift in Sources */ = {isa = PBXBuildFile; fileRef = EADCFE03261E749C00E8A1A3 /* UsersViewModel.swift */; };
		EADCFE0A261E98F700E8A1A3 /* ISS TableView.swift in Sources */ = {isa = PBXBuildFile; fileRef = EADCFE09261E98F700E8A1A3 /* ISS TableView.swift */; };
		EADCFE0D261E990800E8A1A3 /* ISS Searchbar.swift in Sources */ = {isa = PBXBuildFile; fileRef = EADCFE0C261E990800E8A1A3 /* ISS Searchbar.swift */; };
		EADCFE10261E997B00E8A1A3 /* IssuesViewModel.swift in Sources */ = {isa = PBXBuildFile; fileRef = EADCFE0F261E997B00E8A1A3 /* IssuesViewModel.swift */; };
		EADCFE13261E9C1400E8A1A3 /* IssuesTableViewCell.swift in Sources */ = {isa = PBXBuildFile; fileRef = EADCFE12261E9C1400E8A1A3 /* IssuesTableViewCell.swift */; };
		EADCFE16261EA0BC00E8A1A3 /* ReposViewModel.swift in Sources */ = {isa = PBXBuildFile; fileRef = EADCFE15261EA0BC00E8A1A3 /* ReposViewModel.swift */; };
		EADCFE19261EA9B400E8A1A3 /* CM TableView.swift in Sources */ = {isa = PBXBuildFile; fileRef = EADCFE18261EA9B400E8A1A3 /* CM TableView.swift */; };
		EADCFE1C261EA9DE00E8A1A3 /* CommitsViewModel.swift in Sources */ = {isa = PBXBuildFile; fileRef = EADCFE1B261EA9DE00E8A1A3 /* CommitsViewModel.swift */; };
		EADCFE1F261EAFD700E8A1A3 /* EXVC TableView.swift in Sources */ = {isa = PBXBuildFile; fileRef = EADCFE1E261EAFD700E8A1A3 /* EXVC TableView.swift */; };
		EADCFE22261EB08500E8A1A3 /* BVC Searchbar.swift in Sources */ = {isa = PBXBuildFile; fileRef = EADCFE21261EB08500E8A1A3 /* BVC Searchbar.swift */; };
		EAE2650F25ED323C0084029B /* LoginView.storyboard in Resources */ = {isa = PBXBuildFile; fileRef = EAE2650E25ED323C0084029B /* LoginView.storyboard */; };
		EAE2651225ED38EE0084029B /* Settings.storyboard in Resources */ = {isa = PBXBuildFile; fileRef = EAE2651125ED38EE0084029B /* Settings.storyboard */; };
		EAE2651525ED3B9A0084029B /* PublicProfileView.storyboard in Resources */ = {isa = PBXBuildFile; fileRef = EAE2651425ED3B9A0084029B /* PublicProfileView.storyboard */; };
		EAE2651825ED3C170084029B /* CommitsView.storyboard in Resources */ = {isa = PBXBuildFile; fileRef = EAE2651725ED3C170084029B /* CommitsView.storyboard */; };
		EAE2651B25ED3DD00084029B /* ReposView.storyboard in Resources */ = {isa = PBXBuildFile; fileRef = EAE2651A25ED3DD00084029B /* ReposView.storyboard */; };
		EAE2651E25ED3DE70084029B /* PublicStarredView.storyboard in Resources */ = {isa = PBXBuildFile; fileRef = EAE2651D25ED3DE70084029B /* PublicStarredView.storyboard */; };
		EAE2652425ED3FA00084029B /* TabBarViews.storyboard in Resources */ = {isa = PBXBuildFile; fileRef = EAE2652325ED3FA00084029B /* TabBarViews.storyboard */; };
		EAEA139F26215C76003CF3D5 /* SVC TableView.swift in Sources */ = {isa = PBXBuildFile; fileRef = EAEA139E26215C76003CF3D5 /* SVC TableView.swift */; };
		EAEA13A226215CE5003CF3D5 /* SVC Header.swift in Sources */ = {isa = PBXBuildFile; fileRef = EAEA13A126215CE5003CF3D5 /* SVC Header.swift */; };
		EAEEE13A25DCACCD00E88EED /* GitTableViewExtension.swift in Sources */ = {isa = PBXBuildFile; fileRef = EAEEE13925DCACCD00E88EED /* GitTableViewExtension.swift */; };
		EAF1165625DCC644007A1F8F /* LanguageCell.swift in Sources */ = {isa = PBXBuildFile; fileRef = EAF1165425DCC644007A1F8F /* LanguageCell.swift */; };
		EAFD8FCC26006A60008ABA1E /* IssuesViewController.swift in Sources */ = {isa = PBXBuildFile; fileRef = EAFD8FCB26006A60008ABA1E /* IssuesViewController.swift */; };
		EAFD8FCF26006A6B008ABA1E /* Issues.storyboard in Resources */ = {isa = PBXBuildFile; fileRef = EAFD8FCE26006A6B008ABA1E /* Issues.storyboard */; };
		EAFD8FD226006B92008ABA1E /* Issues.swift in Sources */ = {isa = PBXBuildFile; fileRef = EAFD8FD126006B92008ABA1E /* Issues.swift */; };
		EAFD8FD626008AE2008ABA1E /* GithubViewController.swift in Sources */ = {isa = PBXBuildFile; fileRef = EAFD8FD526008AE2008ABA1E /* GithubViewController.swift */; };
/* End PBXBuildFile section */

/* Begin PBXFileReference section */
		6C956E6BB032E64279D0C86D /* Pods_Githubgenics.framework */ = {isa = PBXFileReference; explicitFileType = wrapper.framework; includeInIndex = 0; path = Pods_Githubgenics.framework; sourceTree = BUILT_PRODUCTS_DIR; };
		96EA4BC81517436BEC21AB62 /* Pods-Githubgenics.debug.xcconfig */ = {isa = PBXFileReference; includeInIndex = 1; lastKnownFileType = text.xcconfig; name = "Pods-Githubgenics.debug.xcconfig"; path = "Target Support Files/Pods-Githubgenics/Pods-Githubgenics.debug.xcconfig"; sourceTree = "<group>"; };
		B43592FB3E722C73C20E1EFF /* Pods-Githubgenics.release.xcconfig */ = {isa = PBXFileReference; includeInIndex = 1; lastKnownFileType = text.xcconfig; name = "Pods-Githubgenics.release.xcconfig"; path = "Target Support Files/Pods-Githubgenics/Pods-Githubgenics.release.xcconfig"; sourceTree = "<group>"; };
		EA000B6425ED4E41005EF5D0 /* CommitsCell.swift */ = {isa = PBXFileReference; lastKnownFileType = sourcecode.swift; path = CommitsCell.swift; sourceTree = "<group>"; };
		EA000B6525ED4E41005EF5D0 /* CommitsCell.xib */ = {isa = PBXFileReference; lastKnownFileType = file.xib; path = CommitsCell.xib; sourceTree = "<group>"; };
		EA000B6B25ED4E76005EF5D0 /* SearchHistoryCell.swift */ = {isa = PBXFileReference; lastKnownFileType = sourcecode.swift; path = SearchHistoryCell.swift; sourceTree = "<group>"; };
		EA000B6C25ED4E76005EF5D0 /* SearchHistoryCell.xib */ = {isa = PBXFileReference; lastKnownFileType = file.xib; path = SearchHistoryCell.xib; sourceTree = "<group>"; };
		EA05895425C5567700BC1024 /* GitDataBase.swift */ = {isa = PBXFileReference; lastKnownFileType = sourcecode.swift; path = GitDataBase.swift; sourceTree = "<group>"; };
		EA05898725C564C700BC1024 /* RVC SearchBar.swift */ = {isa = PBXFileReference; lastKnownFileType = sourcecode.swift; path = "RVC SearchBar.swift"; sourceTree = "<group>"; };
		EA05898A25C564FB00BC1024 /* RVC TableView.swift */ = {isa = PBXFileReference; lastKnownFileType = sourcecode.swift; path = "RVC TableView.swift"; sourceTree = "<group>"; };
		EA0589B925C5696D00BC1024 /* BVC TableView.swift */ = {isa = PBXFileReference; lastKnownFileType = sourcecode.swift; path = "BVC TableView.swift"; sourceTree = "<group>"; };
		EA0C2D9425BD068C00D3898A /* LastSearch+CoreDataClass.swift */ = {isa = PBXFileReference; lastKnownFileType = sourcecode.swift; path = "LastSearch+CoreDataClass.swift"; sourceTree = "<group>"; };
		EA0C2D9525BD068C00D3898A /* LastSearch+CoreDataProperties.swift */ = {isa = PBXFileReference; lastKnownFileType = sourcecode.swift; path = "LastSearch+CoreDataProperties.swift"; sourceTree = "<group>"; };
		EA1EABD92620E278001CE23F /* OVC TableView.swift */ = {isa = PBXFileReference; lastKnownFileType = sourcecode.swift; path = "OVC TableView.swift"; sourceTree = "<group>"; };
		EA1EABDF2620E2C7001CE23F /* OrgsViewModel.swift */ = {isa = PBXFileReference; lastKnownFileType = sourcecode.swift; path = OrgsViewModel.swift; sourceTree = "<group>"; };
		EA1EABE42620E4E1001CE23F /* OrgsTableViewCell.swift */ = {isa = PBXFileReference; lastKnownFileType = sourcecode.swift; path = OrgsTableViewCell.swift; sourceTree = "<group>"; };
		EA1EABEB2620E6A3001CE23F /* PrivateOrgsViewController.swift */ = {isa = PBXFileReference; lastKnownFileType = sourcecode.swift; path = PrivateOrgsViewController.swift; sourceTree = "<group>"; };
		EA1EABFB2620E723001CE23F /* PrivateStarredViewModel.swift */ = {isa = PBXFileReference; lastKnownFileType = sourcecode.swift; path = PrivateStarredViewModel.swift; sourceTree = "<group>"; };
		EA1EAC012620E7A5001CE23F /* PrivateOrgsViewModel.swift */ = {isa = PBXFileReference; lastKnownFileType = sourcecode.swift; path = PrivateOrgsViewModel.swift; sourceTree = "<group>"; };
		EA1EAC052620E806001CE23F /* PrivateReposViewModel.swift */ = {isa = PBXFileReference; lastKnownFileType = sourcecode.swift; path = PrivateReposViewModel.swift; sourceTree = "<group>"; };
		EA1EAC1C2620E91E001CE23F /* PublicStarredViewModel.swift */ = {isa = PBXFileReference; lastKnownFileType = sourcecode.swift; path = PublicStarredViewModel.swift; sourceTree = "<group>"; };
		EA1EAC232620E937001CE23F /* PublicReposViewModel.swift */ = {isa = PBXFileReference; lastKnownFileType = sourcecode.swift; path = PublicReposViewModel.swift; sourceTree = "<group>"; };
		EA1EAC372620ED0B001CE23F /* PublicReposView.storyboard */ = {isa = PBXFileReference; lastKnownFileType = file.storyboard; path = PublicReposView.storyboard; sourceTree = "<group>"; };
		EA1EAC3A2620ED8D001CE23F /* PrivateStarredView.storyboard */ = {isa = PBXFileReference; lastKnownFileType = file.storyboard; path = PrivateStarredView.storyboard; sourceTree = "<group>"; };
		EA1EAC3D2620ED9B001CE23F /* PrivateReposView.storyboard */ = {isa = PBXFileReference; lastKnownFileType = file.storyboard; path = PrivateReposView.storyboard; sourceTree = "<group>"; };
		EA1EAC402620EDB0001CE23F /* PrivateOrgsView.storyboard */ = {isa = PBXFileReference; lastKnownFileType = file.storyboard; path = PrivateOrgsView.storyboard; sourceTree = "<group>"; };
		EA1EAC4A2620EFC6001CE23F /* PRVC TableView.swift */ = {isa = PBXFileReference; lastKnownFileType = sourcecode.swift; path = "PRVC TableView.swift"; sourceTree = "<group>"; };
		EA1EAC4D2620F420001CE23F /* PSVC TableView.swift */ = {isa = PBXFileReference; lastKnownFileType = sourcecode.swift; path = "PSVC TableView.swift"; sourceTree = "<group>"; };
		EA1EAC512620F614001CE23F /* POVC TableView.swift */ = {isa = PBXFileReference; lastKnownFileType = sourcecode.swift; path = "POVC TableView.swift"; sourceTree = "<group>"; };
		EA1EAC5A2620F8AA001CE23F /* PVC TableView.swift */ = {isa = PBXFileReference; lastKnownFileType = sourcecode.swift; path = "PVC TableView.swift"; sourceTree = "<group>"; };
		EA1EAC612620FB4D001CE23F /* PUVC TableView.swift */ = {isa = PBXFileReference; lastKnownFileType = sourcecode.swift; path = "PUVC TableView.swift"; sourceTree = "<group>"; };
		EA1EAC662620FED5001CE23F /* PRRVC TableView.swift */ = {isa = PBXFileReference; lastKnownFileType = sourcecode.swift; path = "PRRVC TableView.swift"; sourceTree = "<group>"; };
		EA1EAC7426210425001CE23F /* LoginViewModel.swift */ = {isa = PBXFileReference; lastKnownFileType = sourcecode.swift; path = LoginViewModel.swift; sourceTree = "<group>"; };
		EA1EAC7E26210486001CE23F /* PfUVC TableView.swift */ = {isa = PBXFileReference; lastKnownFileType = sourcecode.swift; path = "PfUVC TableView.swift"; sourceTree = "<group>"; };
		EA1EAC8D26210911001CE23F /* ProfileTableViewCell.swift */ = {isa = PBXFileReference; lastKnownFileType = sourcecode.swift; path = ProfileTableViewCell.swift; sourceTree = "<group>"; };
		EA22D77C25CE2DE0009C0EEF /* GitRequestInterceptor.swift */ = {isa = PBXFileReference; lastKnownFileType = sourcecode.swift; path = GitRequestInterceptor.swift; sourceTree = "<group>"; };
		EA22D77D25CE2DE0009C0EEF /* GitRequestRouter.swift */ = {isa = PBXFileReference; lastKnownFileType = sourcecode.swift; path = GitRequestRouter.swift; sourceTree = "<group>"; };
		EA22D77E25CE2DE0009C0EEF /* GitNetworkLogger.swift */ = {isa = PBXFileReference; lastKnownFileType = sourcecode.swift; path = GitNetworkLogger.swift; sourceTree = "<group>"; };
		EA22D78025CE2DE0009C0EEF /* GitHubAccessToken.swift */ = {isa = PBXFileReference; lastKnownFileType = sourcecode.swift; path = GitHubAccessToken.swift; sourceTree = "<group>"; };
		EA22D78125CE2DE0009C0EEF /* GitTokenManager.swift */ = {isa = PBXFileReference; lastKnownFileType = sourcecode.swift; path = GitTokenManager.swift; sourceTree = "<group>"; };
		EA22D78225CE2DE0009C0EEF /* GitHubConstants.swift */ = {isa = PBXFileReference; lastKnownFileType = sourcecode.swift; path = GitHubConstants.swift; sourceTree = "<group>"; };
		EA22D78B25CE2DF4009C0EEF /* GitSecureStoreError.swift */ = {isa = PBXFileReference; lastKnownFileType = sourcecode.swift; path = GitSecureStoreError.swift; sourceTree = "<group>"; };
		EA22D78C25CE2DF4009C0EEF /* GitSecureStore.swift */ = {isa = PBXFileReference; lastKnownFileType = sourcecode.swift; path = GitSecureStore.swift; sourceTree = "<group>"; };
		EA22D79325CE2E26009C0EEF /* GitSecureStoreQueryable.swift */ = {isa = PBXFileReference; fileEncoding = 4; lastKnownFileType = sourcecode.swift; path = GitSecureStoreQueryable.swift; sourceTree = "<group>"; };
		EA22D79625CE2E37009C0EEF /* RepositoriesViewController.swift */ = {isa = PBXFileReference; lastKnownFileType = sourcecode.swift; path = RepositoriesViewController.swift; sourceTree = "<group>"; };
		EA23A06825ED5C19001B943F /* PublicStarredViewController.swift */ = {isa = PBXFileReference; lastKnownFileType = sourcecode.swift; path = PublicStarredViewController.swift; sourceTree = "<group>"; };
		EA23A06B25ED5C19001B943F /* PublicOrgsViewController.swift */ = {isa = PBXFileReference; lastKnownFileType = sourcecode.swift; path = PublicOrgsViewController.swift; sourceTree = "<group>"; };
		EA23A06E25ED5C1A001B943F /* PublicReposViewController.swift */ = {isa = PBXFileReference; lastKnownFileType = sourcecode.swift; path = PublicReposViewController.swift; sourceTree = "<group>"; };
		EA23A08225ED6766001B943F /* PublicOrgsView.storyboard */ = {isa = PBXFileReference; lastKnownFileType = file.storyboard; path = PublicOrgsView.storyboard; sourceTree = "<group>"; };
		EA2F137625DF21A400470A04 /* Repository.swift */ = {isa = PBXFileReference; lastKnownFileType = sourcecode.swift; path = Repository.swift; sourceTree = "<group>"; };
		EA31595026018FB50038883D /* HVC Table.swift */ = {isa = PBXFileReference; lastKnownFileType = sourcecode.swift; path = "HVC Table.swift"; sourceTree = "<group>"; };
		EA31595326018FC50038883D /* HVC Search.swift */ = {isa = PBXFileReference; lastKnownFileType = sourcecode.swift; path = "HVC Search.swift"; sourceTree = "<group>"; };
		EA315965260192720038883D /* Users.storyboard */ = {isa = PBXFileReference; lastKnownFileType = file.storyboard; path = Users.storyboard; sourceTree = "<group>"; };
		EA3FA0F925AE9B88008D7520 /* LaunchScreenViewController.swift */ = {isa = PBXFileReference; lastKnownFileType = sourcecode.swift; path = LaunchScreenViewController.swift; sourceTree = "<group>"; };
		EA3FA0FC25AE9C00008D7520 /* loadingspinner.json */ = {isa = PBXFileReference; fileEncoding = 4; lastKnownFileType = text.json; path = loadingspinner.json; sourceTree = "<group>"; };
		EA43BCD225965CAD00098ACA /* ReposTableViewCell.swift */ = {isa = PBXFileReference; lastKnownFileType = sourcecode.swift; path = ReposTableViewCell.swift; sourceTree = "<group>"; };
		EA4530C725BFAD3B00651BFA /* GitLocalization.swift */ = {isa = PBXFileReference; lastKnownFileType = sourcecode.swift; path = GitLocalization.swift; sourceTree = "<group>"; };
		EA45AA19259C45E400365E9B /* GitNetwrokReachability.swift */ = {isa = PBXFileReference; lastKnownFileType = sourcecode.swift; path = GitNetwrokReachability.swift; sourceTree = "<group>"; };
		EA463E91260027D400F43E7D /* HomeViewController.swift */ = {isa = PBXFileReference; lastKnownFileType = sourcecode.swift; path = HomeViewController.swift; sourceTree = "<group>"; };
		EA48ACEF25D4D2C9006803BD /* GitNetworkMonitor.swift */ = {isa = PBXFileReference; lastKnownFileType = sourcecode.swift; path = GitNetworkMonitor.swift; sourceTree = "<group>"; };
		EA4BCB1525BCDC71000F302A /* LastSearchCollection.swift */ = {isa = PBXFileReference; lastKnownFileType = sourcecode.swift; path = LastSearchCollection.swift; sourceTree = "<group>"; };
		EA504724260702C600733740 /* TableViewCell.swift */ = {isa = PBXFileReference; lastKnownFileType = sourcecode.swift; path = TableViewCell.swift; sourceTree = "<group>"; };
		EA50D2B725FD6F7800EE32F8 /* GitEntities.swift */ = {isa = PBXFileReference; lastKnownFileType = sourcecode.swift; path = GitEntities.swift; sourceTree = "<group>"; };
		EA566FE525927B9D00596E6A /* Githubgenics.app */ = {isa = PBXFileReference; explicitFileType = wrapper.application; includeInIndex = 0; path = Githubgenics.app; sourceTree = BUILT_PRODUCTS_DIR; };
		EA566FE825927B9D00596E6A /* AppDelegate.swift */ = {isa = PBXFileReference; lastKnownFileType = sourcecode.swift; path = AppDelegate.swift; sourceTree = "<group>"; };
		EA566FEA25927B9D00596E6A /* SceneDelegate.swift */ = {isa = PBXFileReference; lastKnownFileType = sourcecode.swift; path = SceneDelegate.swift; sourceTree = "<group>"; };
		EA566FF425927B9E00596E6A /* Assets.xcassets */ = {isa = PBXFileReference; lastKnownFileType = folder.assetcatalog; path = Assets.xcassets; sourceTree = "<group>"; };
		EA566FF725927B9E00596E6A /* Base */ = {isa = PBXFileReference; lastKnownFileType = file.storyboard; name = Base; path = Base.lproj/LaunchScreen.storyboard; sourceTree = "<group>"; };
		EA566FF925927B9E00596E6A /* Info.plist */ = {isa = PBXFileReference; lastKnownFileType = text.plist.xml; path = Info.plist; sourceTree = "<group>"; };
		EA5EADF625929E2700AC3223 /* UsersViewController.swift */ = {isa = PBXFileReference; lastKnownFileType = sourcecode.swift; path = UsersViewController.swift; sourceTree = "<group>"; };
		EA5FD26225D62CAD002E8927 /* GitHaptics.swift */ = {isa = PBXFileReference; lastKnownFileType = sourcecode.swift; path = GitHaptics.swift; sourceTree = "<group>"; };
		EA622CFB25C54F3800EC5F3C /* Users.swift */ = {isa = PBXFileReference; lastKnownFileType = sourcecode.swift; path = Users.swift; sourceTree = "<group>"; };
		EA62595E25CFD75300D63BE0 /* GitSessionManger.swift */ = {isa = PBXFileReference; lastKnownFileType = sourcecode.swift; path = GitSessionManger.swift; sourceTree = "<group>"; };
		EA65CB7F25BE9692005CBA09 /* SavedRepositories+CoreDataProperties copy.swift */ = {isa = PBXFileReference; fileEncoding = 4; lastKnownFileType = sourcecode.swift; path = "SavedRepositories+CoreDataProperties copy.swift"; sourceTree = "<group>"; };
		EA668B9C25BFE82000392A30 /* SavedRepositories+CoreDataClass.swift */ = {isa = PBXFileReference; fileEncoding = 4; lastKnownFileType = sourcecode.swift; path = "SavedRepositories+CoreDataClass.swift"; sourceTree = "<group>"; };
		EA668BA025BFE83C00392A30 /* Githubgenics.xcdatamodel */ = {isa = PBXFileReference; lastKnownFileType = wrapper.xcdatamodel; path = Githubgenics.xcdatamodel; sourceTree = "<group>"; };
		EA71B59B25E40C4F00779B9A /* TabBarViewController.swift */ = {isa = PBXFileReference; lastKnownFileType = sourcecode.swift; path = TabBarViewController.swift; sourceTree = "<group>"; };
		EA7216D525B6121200E21D3B /* en */ = {isa = PBXFileReference; lastKnownFileType = text.plist.strings; name = en; path = en.lproj/Localizable.strings; sourceTree = "<group>"; };
		EA7216D825B6121A00E21D3B /* ar */ = {isa = PBXFileReference; lastKnownFileType = text.plist.strings; name = ar; path = ar.lproj/Localizable.strings; sourceTree = "<group>"; };
		EA7C4CA825BAA7E000EC9F45 /* BookmarksViewController.swift */ = {isa = PBXFileReference; lastKnownFileType = sourcecode.swift; path = BookmarksViewController.swift; sourceTree = "<group>"; };
		EA7C4CAB25BAA8E200EC9F45 /* UsersDataBase+CoreDataClass copy.swift */ = {isa = PBXFileReference; fileEncoding = 4; lastKnownFileType = sourcecode.swift; path = "UsersDataBase+CoreDataClass copy.swift"; sourceTree = "<group>"; };
		EA7C4CAC25BAA8E200EC9F45 /* UsersDataBase+CoreDataProperties copy.swift */ = {isa = PBXFileReference; fileEncoding = 4; lastKnownFileType = sourcecode.swift; path = "UsersDataBase+CoreDataProperties copy.swift"; sourceTree = "<group>"; };
		EA830F87260198F600F3D2A8 /* UVC Collectio.swift */ = {isa = PBXFileReference; lastKnownFileType = sourcecode.swift; path = "UVC Collectio.swift"; sourceTree = "<group>"; };
		EA88A7B625D709CB008663BD /* GitStoryboardIDs.swift */ = {isa = PBXFileReference; lastKnownFileType = sourcecode.swift; path = GitStoryboardIDs.swift; sourceTree = "<group>"; };
		EA94DCBB25C6726C00E2C30B /* UVC TableView.swift */ = {isa = PBXFileReference; lastKnownFileType = sourcecode.swift; path = "UVC TableView.swift"; sourceTree = "<group>"; };
		EA9743512596C3790057C8A0 /* SettingsViewController.swift */ = {isa = PBXFileReference; lastKnownFileType = sourcecode.swift; path = SettingsViewController.swift; sourceTree = "<group>"; };
		EA999A6425927C02005E832C /* PublicUserProfileViewController.swift */ = {isa = PBXFileReference; fileEncoding = 4; lastKnownFileType = sourcecode.swift; path = PublicUserProfileViewController.swift; sourceTree = "<group>"; };
		EA999A7925927CAA005E832C /* LoginViewController.swift */ = {isa = PBXFileReference; fileEncoding = 4; lastKnownFileType = sourcecode.swift; path = LoginViewController.swift; sourceTree = "<group>"; };
		EAA710F425BD4707004D7E21 /* GitAPIcaller.swift */ = {isa = PBXFileReference; lastKnownFileType = sourcecode.swift; path = GitAPIcaller.swift; sourceTree = "<group>"; };
		EAA87CC42606E796006BC6E7 /* ViewSetups.swift */ = {isa = PBXFileReference; lastKnownFileType = sourcecode.swift; path = ViewSetups.swift; sourceTree = "<group>"; };
		EAA87CC72606EED4006BC6E7 /* ExploreViewController.swift */ = {isa = PBXFileReference; lastKnownFileType = sourcecode.swift; path = ExploreViewController.swift; sourceTree = "<group>"; };
		EAA87CD52606FC6A006BC6E7 /* ExploreCollectionViewCell.swift */ = {isa = PBXFileReference; lastKnownFileType = sourcecode.swift; path = ExploreCollectionViewCell.swift; sourceTree = "<group>"; };
		EAA87CD62606FC6A006BC6E7 /* ExploreCollectionViewCell.xib */ = {isa = PBXFileReference; lastKnownFileType = file.xib; path = ExploreCollectionViewCell.xib; sourceTree = "<group>"; };
		EAAF81FD25D4EDAD006C44EC /* GitCellDelegates.swift */ = {isa = PBXFileReference; lastKnownFileType = sourcecode.swift; path = GitCellDelegates.swift; sourceTree = "<group>"; };
		EAAF820725D4F012006C44EC /* DarkModeCell.swift */ = {isa = PBXFileReference; fileEncoding = 4; lastKnownFileType = sourcecode.swift; path = DarkModeCell.swift; sourceTree = "<group>"; };
		EAAF820A25D4F036006C44EC /* SignOutCell.swift */ = {isa = PBXFileReference; lastKnownFileType = sourcecode.swift; path = SignOutCell.swift; sourceTree = "<group>"; };
		EAB2AD1125BBF573001B6DD7 /* SearchHistory+CoreDataClass.swift */ = {isa = PBXFileReference; lastKnownFileType = sourcecode.swift; path = "SearchHistory+CoreDataClass.swift"; sourceTree = "<group>"; };
		EAB2AD1225BBF573001B6DD7 /* SearchHistory+CoreDataProperties.swift */ = {isa = PBXFileReference; lastKnownFileType = sourcecode.swift; path = "SearchHistory+CoreDataProperties.swift"; sourceTree = "<group>"; };
		EABF30EE25C7C95000A17456 /* UVC SearchBar.swift */ = {isa = PBXFileReference; lastKnownFileType = sourcecode.swift; path = "UVC SearchBar.swift"; sourceTree = "<group>"; };
		EAC1636325BAB789007EDC96 /* UsersTableViewCell.xib */ = {isa = PBXFileReference; fileEncoding = 4; lastKnownFileType = file.xib; path = UsersTableViewCell.xib; sourceTree = "<group>"; };
		EAC1636425BAB789007EDC96 /* ReposTableViewCell.xib */ = {isa = PBXFileReference; fileEncoding = 4; lastKnownFileType = file.xib; path = ReposTableViewCell.xib; sourceTree = "<group>"; };
		EAC1636525BAB789007EDC96 /* Main.storyboard */ = {isa = PBXFileReference; fileEncoding = 4; lastKnownFileType = file.storyboard; path = Main.storyboard; sourceTree = "<group>"; };
		EAC3B16E25C951B600F798DA /* Commits.swift */ = {isa = PBXFileReference; lastKnownFileType = sourcecode.swift; path = Commits.swift; sourceTree = "<group>"; };
		EAC3B17225C9520700F798DA /* CommitsViewController.swift */ = {isa = PBXFileReference; lastKnownFileType = sourcecode.swift; path = CommitsViewController.swift; sourceTree = "<group>"; };
		EAD4476425B0148A00FB42B4 /* UsersTableViewCell.swift */ = {isa = PBXFileReference; lastKnownFileType = sourcecode.swift; path = UsersTableViewCell.swift; sourceTree = "<group>"; };
		EADCD06C25E334DD005F7033 /* ProfileViewController.swift */ = {isa = PBXFileReference; lastKnownFileType = sourcecode.swift; path = ProfileViewController.swift; sourceTree = "<group>"; };
		EADCD07425E35FF6005F7033 /* PrivateReposViewController.swift */ = {isa = PBXFileReference; lastKnownFileType = sourcecode.swift; path = PrivateReposViewController.swift; sourceTree = "<group>"; };
		EADCD07725E36681005F7033 /* Orgs.swift */ = {isa = PBXFileReference; lastKnownFileType = sourcecode.swift; path = Orgs.swift; sourceTree = "<group>"; };
		EADCD07F25E36AE8005F7033 /* PrivateStarredViewController.swift */ = {isa = PBXFileReference; lastKnownFileType = sourcecode.swift; path = PrivateStarredViewController.swift; sourceTree = "<group>"; };
		EADCD08525E36EC1005F7033 /* GitViewExtension.swift */ = {isa = PBXFileReference; lastKnownFileType = sourcecode.swift; path = GitViewExtension.swift; sourceTree = "<group>"; };
		EADCD09325E388EE005F7033 /* PrivateUser.swift */ = {isa = PBXFileReference; lastKnownFileType = sourcecode.swift; path = PrivateUser.swift; sourceTree = "<group>"; };
		EADCFDB6261E42BA00E8A1A3 /* HomeViewModel.swift */ = {isa = PBXFileReference; lastKnownFileType = sourcecode.swift; path = HomeViewModel.swift; sourceTree = "<group>"; };
		EADCFDB9261E48CA00E8A1A3 /* HomeTableViewCell.swift */ = {isa = PBXFileReference; lastKnownFileType = sourcecode.swift; path = HomeTableViewCell.swift; sourceTree = "<group>"; };
		EADCFDBC261E493200E8A1A3 /* SearchOptionsCell.swift */ = {isa = PBXFileReference; lastKnownFileType = sourcecode.swift; path = SearchOptionsCell.swift; sourceTree = "<group>"; };
		EADCFDBF261E494600E8A1A3 /* SearchHstoryCell.swift */ = {isa = PBXFileReference; lastKnownFileType = sourcecode.swift; path = SearchHstoryCell.swift; sourceTree = "<group>"; };
		EADCFDCE261E719700E8A1A3 /* ExploreViewModel.swift */ = {isa = PBXFileReference; lastKnownFileType = sourcecode.swift; path = ExploreViewModel.swift; sourceTree = "<group>"; };
		EADCFDD8261E71DC00E8A1A3 /* ProfileViewModel.swift */ = {isa = PBXFileReference; lastKnownFileType = sourcecode.swift; path = ProfileViewModel.swift; sourceTree = "<group>"; };
		EADCFDDB261E71EA00E8A1A3 /* BookmarksViewModel.swift */ = {isa = PBXFileReference; lastKnownFileType = sourcecode.swift; path = BookmarksViewModel.swift; sourceTree = "<group>"; };
		EADCFE03261E749C00E8A1A3 /* UsersViewModel.swift */ = {isa = PBXFileReference; lastKnownFileType = sourcecode.swift; path = UsersViewModel.swift; sourceTree = "<group>"; };
		EADCFE09261E98F700E8A1A3 /* ISS TableView.swift */ = {isa = PBXFileReference; lastKnownFileType = sourcecode.swift; path = "ISS TableView.swift"; sourceTree = "<group>"; };
		EADCFE0C261E990800E8A1A3 /* ISS Searchbar.swift */ = {isa = PBXFileReference; lastKnownFileType = sourcecode.swift; path = "ISS Searchbar.swift"; sourceTree = "<group>"; };
		EADCFE0F261E997B00E8A1A3 /* IssuesViewModel.swift */ = {isa = PBXFileReference; lastKnownFileType = sourcecode.swift; path = IssuesViewModel.swift; sourceTree = "<group>"; };
		EADCFE12261E9C1400E8A1A3 /* IssuesTableViewCell.swift */ = {isa = PBXFileReference; lastKnownFileType = sourcecode.swift; path = IssuesTableViewCell.swift; sourceTree = "<group>"; };
		EADCFE15261EA0BC00E8A1A3 /* ReposViewModel.swift */ = {isa = PBXFileReference; lastKnownFileType = sourcecode.swift; path = ReposViewModel.swift; sourceTree = "<group>"; };
		EADCFE18261EA9B400E8A1A3 /* CM TableView.swift */ = {isa = PBXFileReference; lastKnownFileType = sourcecode.swift; path = "CM TableView.swift"; sourceTree = "<group>"; };
		EADCFE1B261EA9DE00E8A1A3 /* CommitsViewModel.swift */ = {isa = PBXFileReference; lastKnownFileType = sourcecode.swift; path = CommitsViewModel.swift; sourceTree = "<group>"; };
		EADCFE1E261EAFD700E8A1A3 /* EXVC TableView.swift */ = {isa = PBXFileReference; lastKnownFileType = sourcecode.swift; path = "EXVC TableView.swift"; sourceTree = "<group>"; };
		EADCFE21261EB08500E8A1A3 /* BVC Searchbar.swift */ = {isa = PBXFileReference; lastKnownFileType = sourcecode.swift; path = "BVC Searchbar.swift"; sourceTree = "<group>"; };
		EAE2650E25ED323C0084029B /* LoginView.storyboard */ = {isa = PBXFileReference; lastKnownFileType = file.storyboard; path = LoginView.storyboard; sourceTree = "<group>"; };
		EAE2651125ED38EE0084029B /* Settings.storyboard */ = {isa = PBXFileReference; lastKnownFileType = file.storyboard; path = Settings.storyboard; sourceTree = "<group>"; };
		EAE2651425ED3B9A0084029B /* PublicProfileView.storyboard */ = {isa = PBXFileReference; lastKnownFileType = file.storyboard; path = PublicProfileView.storyboard; sourceTree = "<group>"; };
		EAE2651725ED3C170084029B /* CommitsView.storyboard */ = {isa = PBXFileReference; lastKnownFileType = file.storyboard; path = CommitsView.storyboard; sourceTree = "<group>"; };
		EAE2651A25ED3DD00084029B /* ReposView.storyboard */ = {isa = PBXFileReference; lastKnownFileType = file.storyboard; path = ReposView.storyboard; sourceTree = "<group>"; };
		EAE2651D25ED3DE70084029B /* PublicStarredView.storyboard */ = {isa = PBXFileReference; lastKnownFileType = file.storyboard; path = PublicStarredView.storyboard; sourceTree = "<group>"; };
		EAE2652325ED3FA00084029B /* TabBarViews.storyboard */ = {isa = PBXFileReference; lastKnownFileType = file.storyboard; path = TabBarViews.storyboard; sourceTree = "<group>"; };
		EAEA139E26215C76003CF3D5 /* SVC TableView.swift */ = {isa = PBXFileReference; lastKnownFileType = sourcecode.swift; path = "SVC TableView.swift"; sourceTree = "<group>"; };
		EAEA13A126215CE5003CF3D5 /* SVC Header.swift */ = {isa = PBXFileReference; lastKnownFileType = sourcecode.swift; path = "SVC Header.swift"; sourceTree = "<group>"; };
		EAEEE13925DCACCD00E88EED /* GitTableViewExtension.swift */ = {isa = PBXFileReference; lastKnownFileType = sourcecode.swift; path = GitTableViewExtension.swift; sourceTree = "<group>"; };
		EAF1165425DCC644007A1F8F /* LanguageCell.swift */ = {isa = PBXFileReference; lastKnownFileType = sourcecode.swift; path = LanguageCell.swift; sourceTree = "<group>"; };
		EAFD8FCB26006A60008ABA1E /* IssuesViewController.swift */ = {isa = PBXFileReference; lastKnownFileType = sourcecode.swift; path = IssuesViewController.swift; sourceTree = "<group>"; };
		EAFD8FCE26006A6B008ABA1E /* Issues.storyboard */ = {isa = PBXFileReference; lastKnownFileType = file.storyboard; path = Issues.storyboard; sourceTree = "<group>"; };
		EAFD8FD126006B92008ABA1E /* Issues.swift */ = {isa = PBXFileReference; lastKnownFileType = sourcecode.swift; path = Issues.swift; sourceTree = "<group>"; };
		EAFD8FD526008AE2008ABA1E /* GithubViewController.swift */ = {isa = PBXFileReference; lastKnownFileType = sourcecode.swift; path = GithubViewController.swift; sourceTree = "<group>"; };
/* End PBXFileReference section */

/* Begin PBXFrameworksBuildPhase section */
		EA566FE225927B9D00596E6A /* Frameworks */ = {
			isa = PBXFrameworksBuildPhase;
			buildActionMask = 2147483647;
			files = (
				4E32D8F477D7CF1C5E637AAD /* Pods_Githubgenics.framework in Frameworks */,
			);
			runOnlyForDeploymentPostprocessing = 0;
		};
/* End PBXFrameworksBuildPhase section */

/* Begin PBXGroup section */
		B9640142B75DF33193081D74 /* Frameworks */ = {
			isa = PBXGroup;
			children = (
				6C956E6BB032E64279D0C86D /* Pods_Githubgenics.framework */,
			);
			name = Frameworks;
			sourceTree = "<group>";
		};
		CB322849B6A5E692B7FCA807 /* Pods */ = {
			isa = PBXGroup;
			children = (
				96EA4BC81517436BEC21AB62 /* Pods-Githubgenics.debug.xcconfig */,
				B43592FB3E722C73C20E1EFF /* Pods-Githubgenics.release.xcconfig */,
			);
			path = Pods;
			sourceTree = "<group>";
		};
		EA000B6925ED4E46005EF5D0 /* CommitCell */ = {
			isa = PBXGroup;
			children = (
				EA000B6425ED4E41005EF5D0 /* CommitsCell.swift */,
				EA000B6525ED4E41005EF5D0 /* CommitsCell.xib */,
			);
			path = CommitCell;
			sourceTree = "<group>";
		};
		EA000B7025ED4E7F005EF5D0 /* SearchHistoryCell */ = {
			isa = PBXGroup;
			children = (
				EA000B6B25ED4E76005EF5D0 /* SearchHistoryCell.swift */,
				EA000B6C25ED4E76005EF5D0 /* SearchHistoryCell.xib */,
			);
			path = SearchHistoryCell;
			sourceTree = "<group>";
		};
		EA000B7225ED4E88005EF5D0 /* LastSearchCell */ = {
			isa = PBXGroup;
			children = (
				EA4BCB1525BCDC71000F302A /* LastSearchCollection.swift */,
			);
			path = LastSearchCell;
			sourceTree = "<group>";
		};
		EA0C2DA025BD1B5300D3898A /* LastSearch */ = {
			isa = PBXGroup;
			children = (
				EA0C2D9425BD068C00D3898A /* LastSearch+CoreDataClass.swift */,
				EA0C2D9525BD068C00D3898A /* LastSearch+CoreDataProperties.swift */,
			);
			name = LastSearch;
			sourceTree = "<group>";
		};
		EA0C2DA125BD1B5E00D3898A /* SearchKeywords */ = {
			isa = PBXGroup;
			children = (
				EAB2AD1125BBF573001B6DD7 /* SearchHistory+CoreDataClass.swift */,
				EAB2AD1225BBF573001B6DD7 /* SearchHistory+CoreDataProperties.swift */,
			);
			name = SearchKeywords;
			sourceTree = "<group>";
		};
		EA0C2DA225BD1B6E00D3898A /* UsersDataBase */ = {
			isa = PBXGroup;
			children = (
				EA7C4CAB25BAA8E200EC9F45 /* UsersDataBase+CoreDataClass copy.swift */,
				EA7C4CAC25BAA8E200EC9F45 /* UsersDataBase+CoreDataProperties copy.swift */,
			);
			name = UsersDataBase;
			sourceTree = "<group>";
		};
		EA1EABDC2620E291001CE23F /* ViewController */ = {
			isa = PBXGroup;
			children = (
				EA23A06B25ED5C19001B943F /* PublicOrgsViewController.swift */,
				EA1EABD92620E278001CE23F /* OVC TableView.swift */,
			);
			path = ViewController;
			sourceTree = "<group>";
		};
		EA1EABE22620E2CB001CE23F /* ViewModel */ = {
			isa = PBXGroup;
			children = (
				EA1EABDF2620E2C7001CE23F /* OrgsViewModel.swift */,
				EA1EABE42620E4E1001CE23F /* OrgsTableViewCell.swift */,
			);
			path = ViewModel;
			sourceTree = "<group>";
		};
		EA1EABE92620E668001CE23F /* PrivateProfileData */ = {
			isa = PBXGroup;
			children = (
				EA1EABF02620E6D0001CE23F /* RepositoriesView */,
				EA1EABEE2620E6C9001CE23F /* StarredView */,
				EA1EABF22620E6DF001CE23F /* OrganizationsView */,
			);
			path = PrivateProfileData;
			sourceTree = "<group>";
		};
		EA1EABEE2620E6C9001CE23F /* StarredView */ = {
			isa = PBXGroup;
			children = (
				EA1EAC462620EEE4001CE23F /* View */,
				EA1EABF42620E6ED001CE23F /* ViewController */,
				EA1EAC082620E80C001CE23F /* ViewModel */,
			);
			path = StarredView;
			sourceTree = "<group>";
		};
		EA1EABF02620E6D0001CE23F /* RepositoriesView */ = {
			isa = PBXGroup;
			children = (
				EA1EAC472620EF00001CE23F /* View */,
				EA1EABF72620E6F4001CE23F /* ViewController */,
				EA1EAC0A2620E813001CE23F /* ViewModel */,
			);
			path = RepositoriesView;
			sourceTree = "<group>";
		};
		EA1EABF22620E6DF001CE23F /* OrganizationsView */ = {
			isa = PBXGroup;
			children = (
				EA1EAC482620EF05001CE23F /* View */,
				EA1EABF92620E6FE001CE23F /* ViewController */,
				EA1EAC0C2620E81D001CE23F /* ViewModel */,
			);
			path = OrganizationsView;
			sourceTree = "<group>";
		};
		EA1EABF42620E6ED001CE23F /* ViewController */ = {
			isa = PBXGroup;
			children = (
				EADCD07F25E36AE8005F7033 /* PrivateStarredViewController.swift */,
				EA1EAC4D2620F420001CE23F /* PSVC TableView.swift */,
			);
			path = ViewController;
			sourceTree = "<group>";
		};
		EA1EABF72620E6F4001CE23F /* ViewController */ = {
			isa = PBXGroup;
			children = (
				EADCD07425E35FF6005F7033 /* PrivateReposViewController.swift */,
				EA1EAC4A2620EFC6001CE23F /* PRVC TableView.swift */,
			);
			path = ViewController;
			sourceTree = "<group>";
		};
		EA1EABF92620E6FE001CE23F /* ViewController */ = {
			isa = PBXGroup;
			children = (
				EA1EABEB2620E6A3001CE23F /* PrivateOrgsViewController.swift */,
				EA1EAC512620F614001CE23F /* POVC TableView.swift */,
			);
			path = ViewController;
			sourceTree = "<group>";
		};
		EA1EAC082620E80C001CE23F /* ViewModel */ = {
			isa = PBXGroup;
			children = (
				EA1EABFB2620E723001CE23F /* PrivateStarredViewModel.swift */,
			);
			path = ViewModel;
			sourceTree = "<group>";
		};
		EA1EAC0A2620E813001CE23F /* ViewModel */ = {
			isa = PBXGroup;
			children = (
				EA1EAC052620E806001CE23F /* PrivateReposViewModel.swift */,
			);
			path = ViewModel;
			sourceTree = "<group>";
		};
		EA1EAC0C2620E81D001CE23F /* ViewModel */ = {
			isa = PBXGroup;
			children = (
				EA1EAC012620E7A5001CE23F /* PrivateOrgsViewModel.swift */,
			);
			path = ViewModel;
			sourceTree = "<group>";
		};
		EA1EAC142620E8AA001CE23F /* StarredScene */ = {
			isa = PBXGroup;
			children = (
				EA1EAC5E2620F9E1001CE23F /* View */,
				EA1EAC192620E8DA001CE23F /* ViewController */,
				EA1EAC202620E921001CE23F /* ViewModel */,
			);
			path = StarredScene;
			sourceTree = "<group>";
		};
		EA1EAC162620E8B9001CE23F /* RepositoriesScene */ = {
			isa = PBXGroup;
			children = (
				EA1EAC5F2620F9E7001CE23F /* View */,
				EA1EAC1B2620E8EE001CE23F /* ViewController */,
				EA1EAC262620E948001CE23F /* ViewModel */,
			);
			path = RepositoriesScene;
			sourceTree = "<group>";
		};
		EA1EAC192620E8DA001CE23F /* ViewController */ = {
			isa = PBXGroup;
			children = (
				EA23A06825ED5C19001B943F /* PublicStarredViewController.swift */,
				EA1EAC612620FB4D001CE23F /* PUVC TableView.swift */,
			);
			path = ViewController;
			sourceTree = "<group>";
		};
		EA1EAC1B2620E8EE001CE23F /* ViewController */ = {
			isa = PBXGroup;
			children = (
				EA23A06E25ED5C1A001B943F /* PublicReposViewController.swift */,
				EA1EAC662620FED5001CE23F /* PRRVC TableView.swift */,
			);
			path = ViewController;
			sourceTree = "<group>";
		};
		EA1EAC202620E921001CE23F /* ViewModel */ = {
			isa = PBXGroup;
			children = (
				EA1EAC1C2620E91E001CE23F /* PublicStarredViewModel.swift */,
			);
			path = ViewModel;
			sourceTree = "<group>";
		};
		EA1EAC262620E948001CE23F /* ViewModel */ = {
			isa = PBXGroup;
			children = (
				EA1EAC232620E937001CE23F /* PublicReposViewModel.swift */,
			);
			path = ViewModel;
			sourceTree = "<group>";
		};
		EA1EAC282620E99B001CE23F /* ProfileView */ = {
			isa = PBXGroup;
			children = (
				EADCFDE2261E720A00E8A1A3 /* ViewController */,
				EADCFDE4261E721300E8A1A3 /* ViewModel */,
			);
			path = ProfileView;
			sourceTree = "<group>";
		};
		EA1EAC2A2620E9B9001CE23F /* OrganizationScene */ = {
			isa = PBXGroup;
			children = (
				EA1EAC602620F9F3001CE23F /* View */,
				EA1EABDC2620E291001CE23F /* ViewController */,
				EA1EABE22620E2CB001CE23F /* ViewModel */,
			);
			path = OrganizationScene;
			sourceTree = "<group>";
		};
		EA1EAC2B2620E9CF001CE23F /* PublicProfileScene */ = {
			isa = PBXGroup;
			children = (
				EA1EAC6C262102B4001CE23F /* View */,
				EA1EAC2C2620E9F1001CE23F /* ViewController */,
			);
			path = PublicProfileScene;
			sourceTree = "<group>";
		};
		EA1EAC2C2620E9F1001CE23F /* ViewController */ = {
			isa = PBXGroup;
			children = (
				EA999A6425927C02005E832C /* PublicUserProfileViewController.swift */,
				EA1EAC7E26210486001CE23F /* PfUVC TableView.swift */,
			);
			path = ViewController;
			sourceTree = "<group>";
		};
		EA1EAC462620EEE4001CE23F /* View */ = {
			isa = PBXGroup;
			children = (
				EA1EAC3A2620ED8D001CE23F /* PrivateStarredView.storyboard */,
			);
			path = View;
			sourceTree = "<group>";
		};
		EA1EAC472620EF00001CE23F /* View */ = {
			isa = PBXGroup;
			children = (
				EA1EAC3D2620ED9B001CE23F /* PrivateReposView.storyboard */,
			);
			path = View;
			sourceTree = "<group>";
		};
		EA1EAC482620EF05001CE23F /* View */ = {
			isa = PBXGroup;
			children = (
				EA1EAC402620EDB0001CE23F /* PrivateOrgsView.storyboard */,
			);
			path = View;
			sourceTree = "<group>";
		};
		EA1EAC5E2620F9E1001CE23F /* View */ = {
			isa = PBXGroup;
			children = (
				EAE2651D25ED3DE70084029B /* PublicStarredView.storyboard */,
			);
			path = View;
			sourceTree = "<group>";
		};
		EA1EAC5F2620F9E7001CE23F /* View */ = {
			isa = PBXGroup;
			children = (
				EA1EAC372620ED0B001CE23F /* PublicReposView.storyboard */,
			);
			path = View;
			sourceTree = "<group>";
		};
		EA1EAC602620F9F3001CE23F /* View */ = {
			isa = PBXGroup;
			children = (
				EA23A08225ED6766001B943F /* PublicOrgsView.storyboard */,
			);
			path = View;
			sourceTree = "<group>";
		};
		EA1EAC6C262102B4001CE23F /* View */ = {
			isa = PBXGroup;
			children = (
				EAE2651425ED3B9A0084029B /* PublicProfileView.storyboard */,
			);
			path = View;
			sourceTree = "<group>";
		};
		EA1EAC6F262103F1001CE23F /* View */ = {
			isa = PBXGroup;
			children = (
				EAE2651125ED38EE0084029B /* Settings.storyboard */,
			);
			path = View;
			sourceTree = "<group>";
		};
		EA1EAC7026210402001CE23F /* View */ = {
			isa = PBXGroup;
			children = (
				EAE2651725ED3C170084029B /* CommitsView.storyboard */,
			);
			path = View;
			sourceTree = "<group>";
		};
		EA1EAC712621040B001CE23F /* View */ = {
			isa = PBXGroup;
			children = (
				EAE2650E25ED323C0084029B /* LoginView.storyboard */,
			);
			path = View;
			sourceTree = "<group>";
		};
		EA1EAC7226210411001CE23F /* ViewController */ = {
			isa = PBXGroup;
			children = (
				EA999A7925927CAA005E832C /* LoginViewController.swift */,
			);
			path = ViewController;
			sourceTree = "<group>";
		};
		EA1EAC772621042A001CE23F /* ViewModel */ = {
			isa = PBXGroup;
			children = (
				EA1EAC7426210425001CE23F /* LoginViewModel.swift */,
			);
			path = ViewModel;
			sourceTree = "<group>";
		};
		EA1EAC792621043E001CE23F /* View */ = {
			isa = PBXGroup;
			children = (
				EA315965260192720038883D /* Users.storyboard */,
			);
			path = View;
			sourceTree = "<group>";
		};
		EA1EAC7A26210445001CE23F /* View */ = {
			isa = PBXGroup;
			children = (
				EAE2651A25ED3DD00084029B /* ReposView.storyboard */,
			);
			path = View;
			sourceTree = "<group>";
		};
		EA1EAC7B2621044A001CE23F /* View */ = {
			isa = PBXGroup;
			children = (
				EAFD8FCE26006A6B008ABA1E /* Issues.storyboard */,
			);
			path = View;
			sourceTree = "<group>";
		};
		EA1EAC7C26210464001CE23F /* ViewController */ = {
			isa = PBXGroup;
			children = (
				EAFD8FD526008AE2008ABA1E /* GithubViewController.swift */,
			);
			path = ViewController;
			sourceTree = "<group>";
		};
		EA22D79225CE2E14009C0EEF /* GitSecureStore */ = {
			isa = PBXGroup;
			children = (
				EA22D78C25CE2DF4009C0EEF /* GitSecureStore.swift */,
				EA22D78B25CE2DF4009C0EEF /* GitSecureStoreError.swift */,
				EA22D79325CE2E26009C0EEF /* GitSecureStoreQueryable.swift */,
			);
			path = GitSecureStore;
			sourceTree = "<group>";
		};
		EA22D7C025CE4818009C0EEF /* GitAuthentication */ = {
			isa = PBXGroup;
			children = (
				EA48ACEC25D4D203006803BD /* GitTokenManger */,
				EA22D79225CE2E14009C0EEF /* GitSecureStore */,
			);
			path = GitAuthentication;
			sourceTree = "<group>";
		};
		EA31594626018F950038883D /* HomeScene */ = {
			isa = PBXGroup;
			children = (
				EADCFDC5261E674800E8A1A3 /* ViewController */,
				EADCFDC9261E677000E8A1A3 /* ViewModel */,
			);
			path = HomeScene;
			sourceTree = "<group>";
		};
		EA48ACEC25D4D203006803BD /* GitTokenManger */ = {
			isa = PBXGroup;
			children = (
				EA22D78225CE2DE0009C0EEF /* GitHubConstants.swift */,
				EA22D78025CE2DE0009C0EEF /* GitHubAccessToken.swift */,
				EA22D78125CE2DE0009C0EEF /* GitTokenManager.swift */,
			);
			path = GitTokenManger;
			sourceTree = "<group>";
		};
		EA48ACF225D4D3AB006803BD /* GitNetworkMonitoring */ = {
			isa = PBXGroup;
			children = (
				EA45AA19259C45E400365E9B /* GitNetwrokReachability.swift */,
				EA48ACEF25D4D2C9006803BD /* GitNetworkMonitor.swift */,
			);
			path = GitNetworkMonitoring;
			sourceTree = "<group>";
		};
		EA566FDC25927B9D00596E6A = {
			isa = PBXGroup;
			children = (
				EA566FE725927B9D00596E6A /* Githubgenics */,
				EA566FE625927B9D00596E6A /* Products */,
				CB322849B6A5E692B7FCA807 /* Pods */,
				B9640142B75DF33193081D74 /* Frameworks */,
			);
			sourceTree = "<group>";
		};
		EA566FE625927B9D00596E6A /* Products */ = {
			isa = PBXGroup;
			children = (
				EA566FE525927B9D00596E6A /* Githubgenics.app */,
			);
			name = Products;
			sourceTree = "<group>";
		};
		EA566FE725927B9D00596E6A /* Githubgenics */ = {
			isa = PBXGroup;
			children = (
				EAEEE13C25DCACD100E88EED /* Core */,
				EA999A7325927C31005E832C /* Models */,
				EAD0CCB026222F2400BD0D19 /* Scenes */,
				EA7E45FE25ED0EE100ACA56D /* Others */,
				EA566FF925927B9E00596E6A /* Info.plist */,
			);
			path = Githubgenics;
			sourceTree = "<group>";
		};
		EA622D0525C5508500EC5F3C /* GitEndpoints */ = {
			isa = PBXGroup;
			children = (
				EADCD09325E388EE005F7033 /* PrivateUser.swift */,
				EA622CFB25C54F3800EC5F3C /* Users.swift */,
				EA2F137625DF21A400470A04 /* Repository.swift */,
				EAC3B16E25C951B600F798DA /* Commits.swift */,
				EADCD07725E36681005F7033 /* Orgs.swift */,
				EAFD8FD126006B92008ABA1E /* Issues.swift */,
			);
			path = GitEndpoints;
			sourceTree = "<group>";
		};
		EA622D0E25C5529300EC5F3C /* GitNetworking */ = {
			isa = PBXGroup;
			children = (
				EAC6C44B25FC8F67006702EE /* GitNetwrokSession */,
				EA622D0525C5508500EC5F3C /* GitEndpoints */,
				EA48ACF225D4D3AB006803BD /* GitNetworkMonitoring */,
			);
			path = GitNetworking;
			sourceTree = "<group>";
		};
		EA63575F260844D100045901 /* Others */ = {
			isa = PBXGroup;
			children = (
				EADCFDEE261E732100E8A1A3 /* LaunchScreenScene ( Main ) */,
				EADCFDF0261E732A00E8A1A3 /* LoginScene */,
				EAA710FD25BD562E004D7E21 /* UsersScene */,
				EA1EAC2B2620E9CF001CE23F /* PublicProfileScene */,
				EA1EAC142620E8AA001CE23F /* StarredScene */,
				EA1EAC162620E8B9001CE23F /* RepositoriesScene */,
				EA1EAC2A2620E9B9001CE23F /* OrganizationScene */,
				EAB395A425D60F10009D178C /* ReposScene */,
				EADCFDE7261E72BD00E8A1A3 /* IssuesScene */,
				EADCFDE9261E72C800E8A1A3 /* GithubScene */,
				EADCFDEB261E72F200E8A1A3 /* CommitsScene */,
				EADCFDED261E731300E8A1A3 /* SettingsScene */,
			);
			path = Others;
			sourceTree = "<group>";
		};
		EA635767260845E300045901 /* UserCell */ = {
			isa = PBXGroup;
			children = (
				EAC1636325BAB789007EDC96 /* UsersTableViewCell.xib */,
				EAD4476425B0148A00FB42B4 /* UsersTableViewCell.swift */,
			);
			path = UserCell;
			sourceTree = "<group>";
		};
		EA635769260845F100045901 /* RepoCell */ = {
			isa = PBXGroup;
			children = (
				EAC1636425BAB789007EDC96 /* ReposTableViewCell.xib */,
				EA43BCD225965CAD00098ACA /* ReposTableViewCell.swift */,
			);
			path = RepoCell;
			sourceTree = "<group>";
		};
		EA63576E2608463F00045901 /* ExploreCell */ = {
			isa = PBXGroup;
			children = (
				EAA87CD52606FC6A006BC6E7 /* ExploreCollectionViewCell.swift */,
				EAA87CD62606FC6A006BC6E7 /* ExploreCollectionViewCell.xib */,
				EA504724260702C600733740 /* TableViewCell.swift */,
			);
			path = ExploreCell;
			sourceTree = "<group>";
		};
		EA65CB7C25BE9069005CBA09 /* BookmarksScene */ = {
			isa = PBXGroup;
			children = (
				EADCFDDE261E71F000E8A1A3 /* ViewController */,
				EADCFDE0261E720200E8A1A3 /* ViewModel */,
			);
			path = BookmarksScene;
			sourceTree = "<group>";
		};
		EA65CB8325BE9697005CBA09 /* Repositories */ = {
			isa = PBXGroup;
			children = (
				EA668B9C25BFE82000392A30 /* SavedRepositories+CoreDataClass.swift */,
				EA65CB7F25BE9692005CBA09 /* SavedRepositories+CoreDataProperties copy.swift */,
			);
			name = Repositories;
			sourceTree = "<group>";
		};
		EA703D7425BAB65900073DFB /* GitCoreData */ = {
			isa = PBXGroup;
			children = (
				EA65CB8325BE9697005CBA09 /* Repositories */,
				EA0C2DA025BD1B5300D3898A /* LastSearch */,
				EA0C2DA125BD1B5E00D3898A /* SearchKeywords */,
				EA0C2DA225BD1B6E00D3898A /* UsersDataBase */,
				EA50D2B725FD6F7800EE32F8 /* GitEntities.swift */,
			);
			path = GitCoreData;
			sourceTree = "<group>";
		};
		EA7E45FE25ED0EE100ACA56D /* Others */ = {
			isa = PBXGroup;
			children = (
				EA71B59B25E40C4F00779B9A /* TabBarViewController.swift */,
				EA703D7425BAB65900073DFB /* GitCoreData */,
				EA3FA0FC25AE9C00008D7520 /* loadingspinner.json */,
			);
			path = Others;
			sourceTree = "<group>";
		};
		EA94DCC825C67B0700E2C30B /* GitLocalization */ = {
			isa = PBXGroup;
			children = (
				EA4530C725BFAD3B00651BFA /* GitLocalization.swift */,
				EA7216D625B6121200E21D3B /* Localizable.strings */,
			);
			path = GitLocalization;
			sourceTree = "<group>";
		};
		EA999A7325927C31005E832C /* Models */ = {
			isa = PBXGroup;
			children = (
				EA22D7C025CE4818009C0EEF /* GitAuthentication */,
				EA622D0E25C5529300EC5F3C /* GitNetworking */,
				EA94DCC825C67B0700E2C30B /* GitLocalization */,
				EAB3958D25D5FD20009D178C /* GitConstants */,
				EAC6C45A25FC919F006702EE /* GitReusables */,
			);
			path = Models;
			sourceTree = "<group>";
		};
		EAA710FD25BD562E004D7E21 /* UsersScene */ = {
			isa = PBXGroup;
			children = (
				EA1EAC792621043E001CE23F /* View */,
				EADCFDF2261E735300E8A1A3 /* ViewController */,
				EADCFDF3261E736600E8A1A3 /* ViewModel */,
			);
			path = UsersScene;
			sourceTree = "<group>";
		};
		EAB3958D25D5FD20009D178C /* GitConstants */ = {
			isa = PBXGroup;
			children = (
				EA88A7B625D709CB008663BD /* GitStoryboardIDs.swift */,
			);
			path = GitConstants;
			sourceTree = "<group>";
		};
		EAB395A425D60F10009D178C /* ReposScene */ = {
			isa = PBXGroup;
			children = (
				EA1EAC7A26210445001CE23F /* View */,
				EADCFDF5261E738200E8A1A3 /* ViewController */,
				EADCFDF6261E738F00E8A1A3 /* ViewModel */,
			);
			path = ReposScene;
			sourceTree = "<group>";
		};
		EAC6C44B25FC8F67006702EE /* GitNetwrokSession */ = {
			isa = PBXGroup;
			children = (
				EA22D77D25CE2DE0009C0EEF /* GitRequestRouter.swift */,
				EA22D77E25CE2DE0009C0EEF /* GitNetworkLogger.swift */,
				EA22D77C25CE2DE0009C0EEF /* GitRequestInterceptor.swift */,
				EA62595E25CFD75300D63BE0 /* GitSessionManger.swift */,
			);
			path = GitNetwrokSession;
			sourceTree = "<group>";
		};
		EAC6C45A25FC919F006702EE /* GitReusables */ = {
			isa = PBXGroup;
			children = (
				EAA710F425BD4707004D7E21 /* GitAPIcaller.swift */,
				EAEEE13925DCACCD00E88EED /* GitTableViewExtension.swift */,
				EA05895425C5567700BC1024 /* GitDataBase.swift */,
				EADCD08525E36EC1005F7033 /* GitViewExtension.swift */,
				EA5FD26225D62CAD002E8927 /* GitHaptics.swift */,
				EAAF81FD25D4EDAD006C44EC /* GitCellDelegates.swift */,
				EAA87CC42606E796006BC6E7 /* ViewSetups.swift */,
			);
			path = GitReusables;
			sourceTree = "<group>";
		};
		EAD0CCB026222F2400BD0D19 /* Scenes */ = {
			isa = PBXGroup;
			children = (
				EAD0CCB126222F3000BD0D19 /* Core */,
				EA63575F260844D100045901 /* Others */,
			);
			path = Scenes;
			sourceTree = "<group>";
		};
		EAD0CCB126222F3000BD0D19 /* Core */ = {
			isa = PBXGroup;
			children = (
				EAE2652325ED3FA00084029B /* TabBarViews.storyboard */,
				EA31594626018F950038883D /* HomeScene */,
				EADCFDCB261E716B00E8A1A3 /* ExploreScene */,
				EA65CB7C25BE9069005CBA09 /* BookmarksScene */,
				EADCFDD6261E71CB00E8A1A3 /* ProfileViewScene */,
			);
			path = Core;
			sourceTree = "<group>";
		};
		EADCFDC5261E674800E8A1A3 /* ViewController */ = {
			isa = PBXGroup;
			children = (
				EA463E91260027D400F43E7D /* HomeViewController.swift */,
				EA31595026018FB50038883D /* HVC Table.swift */,
				EA31595326018FC50038883D /* HVC Search.swift */,
			);
			path = ViewController;
			sourceTree = "<group>";
		};
		EADCFDC9261E677000E8A1A3 /* ViewModel */ = {
			isa = PBXGroup;
			children = (
				EADCFDB6261E42BA00E8A1A3 /* HomeViewModel.swift */,
				EADCFDB9261E48CA00E8A1A3 /* HomeTableViewCell.swift */,
				EADCFDBC261E493200E8A1A3 /* SearchOptionsCell.swift */,
				EADCFDBF261E494600E8A1A3 /* SearchHstoryCell.swift */,
			);
			path = ViewModel;
			sourceTree = "<group>";
		};
		EADCFDCB261E716B00E8A1A3 /* ExploreScene */ = {
			isa = PBXGroup;
			children = (
				EADCFDD1261E71A600E8A1A3 /* ViewController */,
				EADCFDD3261E71B200E8A1A3 /* ViewModel */,
			);
			path = ExploreScene;
			sourceTree = "<group>";
		};
		EADCFDD1261E71A600E8A1A3 /* ViewController */ = {
			isa = PBXGroup;
			children = (
				EAA87CC72606EED4006BC6E7 /* ExploreViewController.swift */,
				EADCFE1E261EAFD700E8A1A3 /* EXVC TableView.swift */,
			);
			path = ViewController;
			sourceTree = "<group>";
		};
		EADCFDD3261E71B200E8A1A3 /* ViewModel */ = {
			isa = PBXGroup;
			children = (
				EA63576E2608463F00045901 /* ExploreCell */,
				EADCFDCE261E719700E8A1A3 /* ExploreViewModel.swift */,
			);
			path = ViewModel;
			sourceTree = "<group>";
		};
		EADCFDD6261E71CB00E8A1A3 /* ProfileViewScene */ = {
			isa = PBXGroup;
			children = (
				EA1EAC282620E99B001CE23F /* ProfileView */,
				EA1EABE92620E668001CE23F /* PrivateProfileData */,
			);
			path = ProfileViewScene;
			sourceTree = "<group>";
		};
		EADCFDDE261E71F000E8A1A3 /* ViewController */ = {
			isa = PBXGroup;
			children = (
				EA7C4CA825BAA7E000EC9F45 /* BookmarksViewController.swift */,
				EA0589B925C5696D00BC1024 /* BVC TableView.swift */,
				EADCFE21261EB08500E8A1A3 /* BVC Searchbar.swift */,
			);
			path = ViewController;
			sourceTree = "<group>";
		};
		EADCFDE0261E720200E8A1A3 /* ViewModel */ = {
			isa = PBXGroup;
			children = (
				EADCFDDB261E71EA00E8A1A3 /* BookmarksViewModel.swift */,
			);
			path = ViewModel;
			sourceTree = "<group>";
		};
		EADCFDE2261E720A00E8A1A3 /* ViewController */ = {
			isa = PBXGroup;
			children = (
				EADCD06C25E334DD005F7033 /* ProfileViewController.swift */,
				EA1EAC5A2620F8AA001CE23F /* PVC TableView.swift */,
			);
			path = ViewController;
			sourceTree = "<group>";
		};
		EADCFDE4261E721300E8A1A3 /* ViewModel */ = {
			isa = PBXGroup;
			children = (
				EADCFDD8261E71DC00E8A1A3 /* ProfileViewModel.swift */,
				EA1EAC8D26210911001CE23F /* ProfileTableViewCell.swift */,
			);
			path = ViewModel;
			sourceTree = "<group>";
		};
		EADCFDE7261E72BD00E8A1A3 /* IssuesScene */ = {
			isa = PBXGroup;
			children = (
				EA1EAC7B2621044A001CE23F /* View */,
				EADCFDF7261E73A400E8A1A3 /* ViewController */,
				EADCFDF9261E73B000E8A1A3 /* ViewModel */,
			);
			path = IssuesScene;
			sourceTree = "<group>";
		};
		EADCFDE9261E72C800E8A1A3 /* GithubScene */ = {
			isa = PBXGroup;
			children = (
				EA1EAC7C26210464001CE23F /* ViewController */,
			);
			path = GithubScene;
			sourceTree = "<group>";
		};
		EADCFDEB261E72F200E8A1A3 /* CommitsScene */ = {
			isa = PBXGroup;
			children = (
				EA1EAC7026210402001CE23F /* View */,
				EADCFDFA261E73D900E8A1A3 /* ViewController */,
				EADCFDFC261E73E400E8A1A3 /* ViewModel */,
			);
			path = CommitsScene;
			sourceTree = "<group>";
		};
		EADCFDED261E731300E8A1A3 /* SettingsScene */ = {
			isa = PBXGroup;
			children = (
				EA1EAC6F262103F1001CE23F /* View */,
				EADCFE01261E745300E8A1A3 /* ViewController */,
				EADCFDFF261E744C00E8A1A3 /* ViewModel */,
			);
			path = SettingsScene;
			sourceTree = "<group>";
		};
		EADCFDEE261E732100E8A1A3 /* LaunchScreenScene ( Main ) */ = {
			isa = PBXGroup;
			children = (
				EAEA1398262126FE003CF3D5 /* View */,
				EAEA139926212705003CF3D5 /* ViewController */,
			);
			path = "LaunchScreenScene ( Main )";
			sourceTree = "<group>";
		};
		EADCFDF0261E732A00E8A1A3 /* LoginScene */ = {
			isa = PBXGroup;
			children = (
				EA1EAC712621040B001CE23F /* View */,
				EA1EAC7226210411001CE23F /* ViewController */,
				EA1EAC772621042A001CE23F /* ViewModel */,
			);
			path = LoginScene;
			sourceTree = "<group>";
		};
		EADCFDF2261E735300E8A1A3 /* ViewController */ = {
			isa = PBXGroup;
			children = (
				EA5EADF625929E2700AC3223 /* UsersViewController.swift */,
				EA94DCBB25C6726C00E2C30B /* UVC TableView.swift */,
				EABF30EE25C7C95000A17456 /* UVC SearchBar.swift */,
				EA830F87260198F600F3D2A8 /* UVC Collectio.swift */,
			);
			path = ViewController;
			sourceTree = "<group>";
		};
		EADCFDF3261E736600E8A1A3 /* ViewModel */ = {
			isa = PBXGroup;
			children = (
				EADCFE03261E749C00E8A1A3 /* UsersViewModel.swift */,
				EA635767260845E300045901 /* UserCell */,
				EA000B7225ED4E88005EF5D0 /* LastSearchCell */,
				EA000B7025ED4E7F005EF5D0 /* SearchHistoryCell */,
			);
			path = ViewModel;
			sourceTree = "<group>";
		};
		EADCFDF5261E738200E8A1A3 /* ViewController */ = {
			isa = PBXGroup;
			children = (
				EA22D79625CE2E37009C0EEF /* RepositoriesViewController.swift */,
				EA05898A25C564FB00BC1024 /* RVC TableView.swift */,
				EA05898725C564C700BC1024 /* RVC SearchBar.swift */,
			);
			path = ViewController;
			sourceTree = "<group>";
		};
		EADCFDF6261E738F00E8A1A3 /* ViewModel */ = {
			isa = PBXGroup;
			children = (
				EA635769260845F100045901 /* RepoCell */,
				EADCFE15261EA0BC00E8A1A3 /* ReposViewModel.swift */,
			);
			path = ViewModel;
			sourceTree = "<group>";
		};
		EADCFDF7261E73A400E8A1A3 /* ViewController */ = {
			isa = PBXGroup;
			children = (
				EAFD8FCB26006A60008ABA1E /* IssuesViewController.swift */,
				EADCFE09261E98F700E8A1A3 /* ISS TableView.swift */,
				EADCFE0C261E990800E8A1A3 /* ISS Searchbar.swift */,
			);
			path = ViewController;
			sourceTree = "<group>";
		};
		EADCFDF9261E73B000E8A1A3 /* ViewModel */ = {
			isa = PBXGroup;
			children = (
				EADCFE0F261E997B00E8A1A3 /* IssuesViewModel.swift */,
				EADCFE12261E9C1400E8A1A3 /* IssuesTableViewCell.swift */,
			);
			path = ViewModel;
			sourceTree = "<group>";
		};
		EADCFDFA261E73D900E8A1A3 /* ViewController */ = {
			isa = PBXGroup;
			children = (
				EAC3B17225C9520700F798DA /* CommitsViewController.swift */,
				EADCFE18261EA9B400E8A1A3 /* CM TableView.swift */,
			);
			path = ViewController;
			sourceTree = "<group>";
		};
		EADCFDFC261E73E400E8A1A3 /* ViewModel */ = {
			isa = PBXGroup;
			children = (
				EA000B6925ED4E46005EF5D0 /* CommitCell */,
				EADCFE1B261EA9DE00E8A1A3 /* CommitsViewModel.swift */,
			);
			path = ViewModel;
			sourceTree = "<group>";
		};
		EADCFDFF261E744C00E8A1A3 /* ViewModel */ = {
			isa = PBXGroup;
			children = (
				EAAF820A25D4F036006C44EC /* SignOutCell.swift */,
				EAF1165425DCC644007A1F8F /* LanguageCell.swift */,
				EAAF820725D4F012006C44EC /* DarkModeCell.swift */,
			);
			path = ViewModel;
			sourceTree = "<group>";
		};
		EADCFE01261E745300E8A1A3 /* ViewController */ = {
			isa = PBXGroup;
			children = (
				EA9743512596C3790057C8A0 /* SettingsViewController.swift */,
				EAEA139E26215C76003CF3D5 /* SVC TableView.swift */,
				EAEA13A126215CE5003CF3D5 /* SVC Header.swift */,
			);
			path = ViewController;
			sourceTree = "<group>";
		};
		EAEA1398262126FE003CF3D5 /* View */ = {
			isa = PBXGroup;
			children = (
				EA566FF625927B9E00596E6A /* LaunchScreen.storyboard */,
				EAC1636525BAB789007EDC96 /* Main.storyboard */,
			);
			path = View;
			sourceTree = "<group>";
		};
		EAEA139926212705003CF3D5 /* ViewController */ = {
			isa = PBXGroup;
			children = (
				EA3FA0F925AE9B88008D7520 /* LaunchScreenViewController.swift */,
			);
			path = ViewController;
			sourceTree = "<group>";
		};
		EAEEE13C25DCACD100E88EED /* Core */ = {
			isa = PBXGroup;
			children = (
				EA566FE825927B9D00596E6A /* AppDelegate.swift */,
				EA566FEA25927B9D00596E6A /* SceneDelegate.swift */,
				EA566FF425927B9E00596E6A /* Assets.xcassets */,
				EA668B9F25BFE83C00392A30 /* Githubgenics.xcdatamodeld */,
			);
			path = Core;
			sourceTree = "<group>";
		};
/* End PBXGroup section */

/* Begin PBXNativeTarget section */
		EA566FE425927B9D00596E6A /* Githubgenics */ = {
			isa = PBXNativeTarget;
			buildConfigurationList = EA566FFC25927B9E00596E6A /* Build configuration list for PBXNativeTarget "Githubgenics" */;
			buildPhases = (
				2E970170D47D8F9027D78EDA /* [CP] Check Pods Manifest.lock */,
				EA566FE125927B9D00596E6A /* Sources */,
				EA566FE225927B9D00596E6A /* Frameworks */,
				EA566FE325927B9D00596E6A /* Resources */,
				85413B89828482E7D6B3AF74 /* [CP] Embed Pods Frameworks */,
			);
			buildRules = (
			);
			dependencies = (
			);
			name = Githubgenics;
			productName = Githubgenics;
			productReference = EA566FE525927B9D00596E6A /* Githubgenics.app */;
			productType = "com.apple.product-type.application";
		};
/* End PBXNativeTarget section */

/* Begin PBXProject section */
		EA566FDD25927B9D00596E6A /* Project object */ = {
			isa = PBXProject;
			attributes = {
				LastSwiftUpdateCheck = 1230;
				LastUpgradeCheck = 1230;
				TargetAttributes = {
					EA566FE425927B9D00596E6A = {
						CreatedOnToolsVersion = 12.3;
					};
				};
			};
			buildConfigurationList = EA566FE025927B9D00596E6A /* Build configuration list for PBXProject "Githubgenics" */;
			compatibilityVersion = "Xcode 9.3";
			developmentRegion = en;
			hasScannedForEncodings = 0;
			knownRegions = (
				en,
				Base,
				ar,
			);
			mainGroup = EA566FDC25927B9D00596E6A;
			productRefGroup = EA566FE625927B9D00596E6A /* Products */;
			projectDirPath = "";
			projectRoot = "";
			targets = (
				EA566FE425927B9D00596E6A /* Githubgenics */,
			);
		};
/* End PBXProject section */

/* Begin PBXResourcesBuildPhase section */
		EA566FE325927B9D00596E6A /* Resources */ = {
			isa = PBXResourcesBuildPhase;
			buildActionMask = 2147483647;
			files = (
				EA1EAC382620ED0B001CE23F /* PublicReposView.storyboard in Resources */,
				EAC1636625BAB789007EDC96 /* UsersTableViewCell.xib in Resources */,
				EA1EAC3E2620ED9B001CE23F /* PrivateReposView.storyboard in Resources */,
				EA23A08325ED6766001B943F /* PublicOrgsView.storyboard in Resources */,
				EAE2651525ED3B9A0084029B /* PublicProfileView.storyboard in Resources */,
				EAE2651225ED38EE0084029B /* Settings.storyboard in Resources */,
				EA3FA0FD25AE9C00008D7520 /* loadingspinner.json in Resources */,
				EA7216D425B6121200E21D3B /* Localizable.strings in Resources */,
				EA000B6E25ED4E76005EF5D0 /* SearchHistoryCell.xib in Resources */,
				EA315966260192720038883D /* Users.storyboard in Resources */,
				EA1EAC412620EDB0001CE23F /* PrivateOrgsView.storyboard in Resources */,
				EAC1636825BAB789007EDC96 /* Main.storyboard in Resources */,
				EA000B6725ED4E41005EF5D0 /* CommitsCell.xib in Resources */,
				EAE2651B25ED3DD00084029B /* ReposView.storyboard in Resources */,
				EAE2651825ED3C170084029B /* CommitsView.storyboard in Resources */,
				EAA87CD82606FC6A006BC6E7 /* ExploreCollectionViewCell.xib in Resources */,
				EA566FF825927B9E00596E6A /* LaunchScreen.storyboard in Resources */,
				EA1EAC3B2620ED8D001CE23F /* PrivateStarredView.storyboard in Resources */,
				EA566FF525927B9E00596E6A /* Assets.xcassets in Resources */,
				EAC1636725BAB789007EDC96 /* ReposTableViewCell.xib in Resources */,
				EAFD8FCF26006A6B008ABA1E /* Issues.storyboard in Resources */,
				EAE2650F25ED323C0084029B /* LoginView.storyboard in Resources */,
				EAE2652425ED3FA00084029B /* TabBarViews.storyboard in Resources */,
				EAE2651E25ED3DE70084029B /* PublicStarredView.storyboard in Resources */,
			);
			runOnlyForDeploymentPostprocessing = 0;
		};
/* End PBXResourcesBuildPhase section */

/* Begin PBXShellScriptBuildPhase section */
		2E970170D47D8F9027D78EDA /* [CP] Check Pods Manifest.lock */ = {
			isa = PBXShellScriptBuildPhase;
			buildActionMask = 2147483647;
			files = (
			);
			inputFileListPaths = (
			);
			inputPaths = (
				"${PODS_PODFILE_DIR_PATH}/Podfile.lock",
				"${PODS_ROOT}/Manifest.lock",
			);
			name = "[CP] Check Pods Manifest.lock";
			outputFileListPaths = (
			);
			outputPaths = (
				"$(DERIVED_FILE_DIR)/Pods-Githubgenics-checkManifestLockResult.txt",
			);
			runOnlyForDeploymentPostprocessing = 0;
			shellPath = /bin/sh;
			shellScript = "diff \"${PODS_PODFILE_DIR_PATH}/Podfile.lock\" \"${PODS_ROOT}/Manifest.lock\" > /dev/null\nif [ $? != 0 ] ; then\n    # print error to STDERR\n    echo \"error: The sandbox is not in sync with the Podfile.lock. Run 'pod install' or update your CocoaPods installation.\" >&2\n    exit 1\nfi\n# This output is used by Xcode 'outputs' to avoid re-running this script phase.\necho \"SUCCESS\" > \"${SCRIPT_OUTPUT_FILE_0}\"\n";
			showEnvVarsInLog = 0;
		};
		85413B89828482E7D6B3AF74 /* [CP] Embed Pods Frameworks */ = {
			isa = PBXShellScriptBuildPhase;
			buildActionMask = 2147483647;
			files = (
			);
			inputFileListPaths = (
				"${PODS_ROOT}/Target Support Files/Pods-Githubgenics/Pods-Githubgenics-frameworks-${CONFIGURATION}-input-files.xcfilelist",
			);
			name = "[CP] Embed Pods Frameworks";
			outputFileListPaths = (
				"${PODS_ROOT}/Target Support Files/Pods-Githubgenics/Pods-Githubgenics-frameworks-${CONFIGURATION}-output-files.xcfilelist",
			);
			runOnlyForDeploymentPostprocessing = 0;
			shellPath = /bin/sh;
			shellScript = "\"${PODS_ROOT}/Target Support Files/Pods-Githubgenics/Pods-Githubgenics-frameworks.sh\"\n";
			showEnvVarsInLog = 0;
		};
/* End PBXShellScriptBuildPhase section */

/* Begin PBXSourcesBuildPhase section */
		EA566FE125927B9D00596E6A /* Sources */ = {
			isa = PBXSourcesBuildPhase;
			buildActionMask = 2147483647;
			files = (
				EA000B6625ED4E41005EF5D0 /* CommitsCell.swift in Sources */,
				EA7C4CA925BAA7E000EC9F45 /* BookmarksViewController.swift in Sources */,
				EAA710F525BD4707004D7E21 /* GitAPIcaller.swift in Sources */,
				EA23A07125ED5C1A001B943F /* PublicStarredViewController.swift in Sources */,
				EA05895525C5567700BC1024 /* GitDataBase.swift in Sources */,
				EA463E92260027D400F43E7D /* HomeViewController.swift in Sources */,
				EAAF820825D4F012006C44EC /* DarkModeCell.swift in Sources */,
				EA43BCD325965CAD00098ACA /* ReposTableViewCell.swift in Sources */,
				EA48ACF025D4D2C9006803BD /* GitNetworkMonitor.swift in Sources */,
				EADCD06D25E334DD005F7033 /* ProfileViewController.swift in Sources */,
				EAB2AD1425BBF573001B6DD7 /* SearchHistory+CoreDataProperties.swift in Sources */,
				EA0589BA25C5696D00BC1024 /* BVC TableView.swift in Sources */,
				EA1EAC5B2620F8AA001CE23F /* PVC TableView.swift in Sources */,
				EADCD08625E36EC1005F7033 /* GitViewExtension.swift in Sources */,
				EADCFE1C261EA9DE00E8A1A3 /* CommitsViewModel.swift in Sources */,
				EA1EAC522620F614001CE23F /* POVC TableView.swift in Sources */,
				EA2F137725DF21A400470A04 /* Repository.swift in Sources */,
				EA7C4CAE25BAA8E200EC9F45 /* UsersDataBase+CoreDataProperties copy.swift in Sources */,
				EA1EAC4E2620F420001CE23F /* PSVC TableView.swift in Sources */,
				EAC3B16F25C951B600F798DA /* Commits.swift in Sources */,
				EADCFE10261E997B00E8A1A3 /* IssuesViewModel.swift in Sources */,
				EA0C2D9625BD068C00D3898A /* LastSearch+CoreDataClass.swift in Sources */,
				EA94DCBC25C6726C00E2C30B /* UVC TableView.swift in Sources */,
				EA5EADF725929E2700AC3223 /* UsersViewController.swift in Sources */,
				EA1EABE52620E4E1001CE23F /* OrgsTableViewCell.swift in Sources */,
				EAAF81FE25D4EDAD006C44EC /* GitCellDelegates.swift in Sources */,
				EADCFE13261E9C1400E8A1A3 /* IssuesTableViewCell.swift in Sources */,
				EA1EAC242620E937001CE23F /* PublicReposViewModel.swift in Sources */,
				EA1EAC022620E7A5001CE23F /* PrivateOrgsViewModel.swift in Sources */,
				EA1EAC8E26210911001CE23F /* ProfileTableViewCell.swift in Sources */,
				EA1EAC7526210425001CE23F /* LoginViewModel.swift in Sources */,
				EA4BCB1625BCDC71000F302A /* LastSearchCollection.swift in Sources */,
				EA22D79925CE2E37009C0EEF /* RepositoriesViewController.swift in Sources */,
				EA1EAC7F26210486001CE23F /* PfUVC TableView.swift in Sources */,
				EA1EABDA2620E278001CE23F /* OVC TableView.swift in Sources */,
				EADCFE19261EA9B400E8A1A3 /* CM TableView.swift in Sources */,
				EADCFE22261EB08500E8A1A3 /* BVC Searchbar.swift in Sources */,
				EA50D2B825FD6F7800EE32F8 /* GitEntities.swift in Sources */,
				EAB2AD1325BBF573001B6DD7 /* SearchHistory+CoreDataClass.swift in Sources */,
				EA000B6D25ED4E76005EF5D0 /* SearchHistoryCell.swift in Sources */,
				EADCFDD9261E71DC00E8A1A3 /* ProfileViewModel.swift in Sources */,
				EADCFE0A261E98F700E8A1A3 /* ISS TableView.swift in Sources */,
				EA31595126018FB50038883D /* HVC Table.swift in Sources */,
				EA22D78D25CE2DF4009C0EEF /* GitSecureStoreError.swift in Sources */,
				EA22D7B625CE2F1B009C0EEF /* GitTokenManager.swift in Sources */,
				EA05898825C564C700BC1024 /* RVC SearchBar.swift in Sources */,
				EA3FA0FA25AE9B88008D7520 /* LaunchScreenViewController.swift in Sources */,
				EA22D78525CE2DE0009C0EEF /* GitRequestRouter.swift in Sources */,
				EADCFE1F261EAFD700E8A1A3 /* EXVC TableView.swift in Sources */,
				EA05898B25C564FB00BC1024 /* RVC TableView.swift in Sources */,
				EA71B59C25E40C4F00779B9A /* TabBarViewController.swift in Sources */,
				EA22D78625CE2DE0009C0EEF /* GitNetworkLogger.swift in Sources */,
				EA62595F25CFD75300D63BE0 /* GitSessionManger.swift in Sources */,
				EAFD8FD226006B92008ABA1E /* Issues.swift in Sources */,
				EA830F88260198F600F3D2A8 /* UVC Collectio.swift in Sources */,
				EADCD09425E388EE005F7033 /* PrivateUser.swift in Sources */,
				EAD4476625B0148A00FB42B4 /* UsersTableViewCell.swift in Sources */,
				EA22D78E25CE2DF4009C0EEF /* GitSecureStore.swift in Sources */,
				EAC3B17325C9520700F798DA /* CommitsViewController.swift in Sources */,
				EADCFDBA261E48CA00E8A1A3 /* HomeTableViewCell.swift in Sources */,
				EA668BA125BFE83C00392A30 /* Githubgenics.xcdatamodeld in Sources */,
				EAEA13A226215CE5003CF3D5 /* SVC Header.swift in Sources */,
				EADCD08025E36AE8005F7033 /* PrivateStarredViewController.swift in Sources */,
				EA31595426018FC50038883D /* HVC Search.swift in Sources */,
				EAEA139F26215C76003CF3D5 /* SVC TableView.swift in Sources */,
				EA622CFC25C54F3800EC5F3C /* Users.swift in Sources */,
				EA23A07225ED5C1A001B943F /* PublicReposViewController.swift in Sources */,
				EA1EAC062620E806001CE23F /* PrivateReposViewModel.swift in Sources */,
				EA9743522596C3790057C8A0 /* SettingsViewController.swift in Sources */,
				EA1EAC672620FED5001CE23F /* PRRVC TableView.swift in Sources */,
				EA668B9D25BFE82000392A30 /* SavedRepositories+CoreDataClass.swift in Sources */,
				EADCD07525E35FF6005F7033 /* PrivateReposViewController.swift in Sources */,
				EADCFE0D261E990800E8A1A3 /* ISS Searchbar.swift in Sources */,
				EA7C4CAD25BAA8E200EC9F45 /* UsersDataBase+CoreDataClass copy.swift in Sources */,
				EA1EAC4B2620EFC6001CE23F /* PRVC TableView.swift in Sources */,
				EAEEE13A25DCACCD00E88EED /* GitTableViewExtension.swift in Sources */,
				EAF1165625DCC644007A1F8F /* LanguageCell.swift in Sources */,
				EA22D7A125CE2EAB009C0EEF /* GitHubConstants.swift in Sources */,
				EA999A6525927C02005E832C /* PublicUserProfileViewController.swift in Sources */,
				EADCFDDC261E71EA00E8A1A3 /* BookmarksViewModel.swift in Sources */,
				EAA87CC82606EED4006BC6E7 /* ExploreViewController.swift in Sources */,
				EA65CB8125BE9692005CBA09 /* SavedRepositories+CoreDataProperties copy.swift in Sources */,
				EADCFE04261E749C00E8A1A3 /* UsersViewModel.swift in Sources */,
				EA88A7B725D709CB008663BD /* GitStoryboardIDs.swift in Sources */,
				EA4530C825BFAD3B00651BFA /* GitLocalization.swift in Sources */,
				EAA87CD72606FC6A006BC6E7 /* ExploreCollectionViewCell.swift in Sources */,
				EA1EABFC2620E723001CE23F /* PrivateStarredViewModel.swift in Sources */,
				EA1EABEC2620E6A3001CE23F /* PrivateOrgsViewController.swift in Sources */,
				EA504725260702C600733740 /* TableViewCell.swift in Sources */,
				EA999A7A25927CAA005E832C /* LoginViewController.swift in Sources */,
				EA5FD26325D62CAD002E8927 /* GitHaptics.swift in Sources */,
				EA22D7B725CE2F1B009C0EEF /* GitHubAccessToken.swift in Sources */,
				EA45AA1A259C45E400365E9B /* GitNetwrokReachability.swift in Sources */,
				EADCFDCF261E719700E8A1A3 /* ExploreViewModel.swift in Sources */,
				EADCFDBD261E493200E8A1A3 /* SearchOptionsCell.swift in Sources */,
				EADCFDC0261E494600E8A1A3 /* SearchHstoryCell.swift in Sources */,
				EA1EAC622620FB4D001CE23F /* PUVC TableView.swift in Sources */,
				EAFD8FD626008AE2008ABA1E /* GithubViewController.swift in Sources */,
				EAA87CC52606E796006BC6E7 /* ViewSetups.swift in Sources */,
				EA22D78325CE2DE0009C0EEF /* GitRequestInterceptor.swift in Sources */,
				EA22D79425CE2E26009C0EEF /* GitSecureStoreQueryable.swift in Sources */,
				EA1EABE02620E2C7001CE23F /* OrgsViewModel.swift in Sources */,
				EA566FE925927B9D00596E6A /* AppDelegate.swift in Sources */,
				EA566FEB25927B9D00596E6A /* SceneDelegate.swift in Sources */,
				EABF30EF25C7C95000A17456 /* UVC SearchBar.swift in Sources */,
				EAFD8FCC26006A60008ABA1E /* IssuesViewController.swift in Sources */,
				EA1EAC1D2620E91E001CE23F /* PublicStarredViewModel.swift in Sources */,
				EADCFDB7261E42BA00E8A1A3 /* HomeViewModel.swift in Sources */,
				EAAF820C25D4F036006C44EC /* SignOutCell.swift in Sources */,
				EADCFE16261EA0BC00E8A1A3 /* ReposViewModel.swift in Sources */,
				EA23A07025ED5C1A001B943F /* PublicOrgsViewController.swift in Sources */,
				EA0C2D9725BD068C00D3898A /* LastSearch+CoreDataProperties.swift in Sources */,
				EADCD07825E36681005F7033 /* Orgs.swift in Sources */,
			);
			runOnlyForDeploymentPostprocessing = 0;
		};
/* End PBXSourcesBuildPhase section */

/* Begin PBXVariantGroup section */
		EA566FF625927B9E00596E6A /* LaunchScreen.storyboard */ = {
			isa = PBXVariantGroup;
			children = (
				EA566FF725927B9E00596E6A /* Base */,
			);
			name = LaunchScreen.storyboard;
			sourceTree = "<group>";
		};
		EA7216D625B6121200E21D3B /* Localizable.strings */ = {
			isa = PBXVariantGroup;
			children = (
				EA7216D525B6121200E21D3B /* en */,
				EA7216D825B6121A00E21D3B /* ar */,
			);
			name = Localizable.strings;
			sourceTree = "<group>";
		};
/* End PBXVariantGroup section */

/* Begin XCBuildConfiguration section */
		EA566FFA25927B9E00596E6A /* Debug */ = {
			isa = XCBuildConfiguration;
			buildSettings = {
				ALWAYS_SEARCH_USER_PATHS = NO;
				CLANG_ANALYZER_LOCALIZABILITY_NONLOCALIZED = YES;
				CLANG_ANALYZER_NONNULL = YES;
				CLANG_ANALYZER_NUMBER_OBJECT_CONVERSION = YES_AGGRESSIVE;
				CLANG_CXX_LANGUAGE_STANDARD = "gnu++14";
				CLANG_CXX_LIBRARY = "libc++";
				CLANG_ENABLE_MODULES = YES;
				CLANG_ENABLE_OBJC_ARC = YES;
				CLANG_ENABLE_OBJC_WEAK = YES;
				CLANG_WARN_BLOCK_CAPTURE_AUTORELEASING = YES;
				CLANG_WARN_BOOL_CONVERSION = YES;
				CLANG_WARN_COMMA = YES;
				CLANG_WARN_CONSTANT_CONVERSION = YES;
				CLANG_WARN_DEPRECATED_OBJC_IMPLEMENTATIONS = YES;
				CLANG_WARN_DIRECT_OBJC_ISA_USAGE = YES_ERROR;
				CLANG_WARN_DOCUMENTATION_COMMENTS = YES;
				CLANG_WARN_EMPTY_BODY = YES;
				CLANG_WARN_ENUM_CONVERSION = YES;
				CLANG_WARN_INFINITE_RECURSION = YES;
				CLANG_WARN_INT_CONVERSION = YES;
				CLANG_WARN_NON_LITERAL_NULL_CONVERSION = YES;
				CLANG_WARN_OBJC_IMPLICIT_RETAIN_SELF = YES;
				CLANG_WARN_OBJC_LITERAL_CONVERSION = YES;
				CLANG_WARN_OBJC_ROOT_CLASS = YES_ERROR;
				CLANG_WARN_QUOTED_INCLUDE_IN_FRAMEWORK_HEADER = YES;
				CLANG_WARN_RANGE_LOOP_ANALYSIS = YES;
				CLANG_WARN_STRICT_PROTOTYPES = YES;
				CLANG_WARN_SUSPICIOUS_MOVE = YES;
				CLANG_WARN_UNGUARDED_AVAILABILITY = YES_AGGRESSIVE;
				CLANG_WARN_UNREACHABLE_CODE = YES;
				CLANG_WARN__DUPLICATE_METHOD_MATCH = YES;
				COPY_PHASE_STRIP = NO;
				DEBUG_INFORMATION_FORMAT = dwarf;
				ENABLE_STRICT_OBJC_MSGSEND = YES;
				ENABLE_TESTABILITY = YES;
				GCC_C_LANGUAGE_STANDARD = gnu11;
				GCC_DYNAMIC_NO_PIC = NO;
				GCC_NO_COMMON_BLOCKS = YES;
				GCC_OPTIMIZATION_LEVEL = 0;
				GCC_PREPROCESSOR_DEFINITIONS = (
					"DEBUG=1",
					"$(inherited)",
				);
				GCC_WARN_64_TO_32_BIT_CONVERSION = YES;
				GCC_WARN_ABOUT_RETURN_TYPE = YES_ERROR;
				GCC_WARN_UNDECLARED_SELECTOR = YES;
				GCC_WARN_UNINITIALIZED_AUTOS = YES_AGGRESSIVE;
				GCC_WARN_UNUSED_FUNCTION = YES;
				GCC_WARN_UNUSED_VARIABLE = YES;
				IPHONEOS_DEPLOYMENT_TARGET = 14.1;
				MTL_ENABLE_DEBUG_INFO = INCLUDE_SOURCE;
				MTL_FAST_MATH = YES;
				ONLY_ACTIVE_ARCH = YES;
				SDKROOT = iphoneos;
				SWIFT_ACTIVE_COMPILATION_CONDITIONS = DEBUG;
				SWIFT_OPTIMIZATION_LEVEL = "-Onone";
			};
			name = Debug;
		};
		EA566FFB25927B9E00596E6A /* Release */ = {
			isa = XCBuildConfiguration;
			buildSettings = {
				ALWAYS_SEARCH_USER_PATHS = NO;
				CLANG_ANALYZER_LOCALIZABILITY_NONLOCALIZED = YES;
				CLANG_ANALYZER_NONNULL = YES;
				CLANG_ANALYZER_NUMBER_OBJECT_CONVERSION = YES_AGGRESSIVE;
				CLANG_CXX_LANGUAGE_STANDARD = "gnu++14";
				CLANG_CXX_LIBRARY = "libc++";
				CLANG_ENABLE_MODULES = YES;
				CLANG_ENABLE_OBJC_ARC = YES;
				CLANG_ENABLE_OBJC_WEAK = YES;
				CLANG_WARN_BLOCK_CAPTURE_AUTORELEASING = YES;
				CLANG_WARN_BOOL_CONVERSION = YES;
				CLANG_WARN_COMMA = YES;
				CLANG_WARN_CONSTANT_CONVERSION = YES;
				CLANG_WARN_DEPRECATED_OBJC_IMPLEMENTATIONS = YES;
				CLANG_WARN_DIRECT_OBJC_ISA_USAGE = YES_ERROR;
				CLANG_WARN_DOCUMENTATION_COMMENTS = YES;
				CLANG_WARN_EMPTY_BODY = YES;
				CLANG_WARN_ENUM_CONVERSION = YES;
				CLANG_WARN_INFINITE_RECURSION = YES;
				CLANG_WARN_INT_CONVERSION = YES;
				CLANG_WARN_NON_LITERAL_NULL_CONVERSION = YES;
				CLANG_WARN_OBJC_IMPLICIT_RETAIN_SELF = YES;
				CLANG_WARN_OBJC_LITERAL_CONVERSION = YES;
				CLANG_WARN_OBJC_ROOT_CLASS = YES_ERROR;
				CLANG_WARN_QUOTED_INCLUDE_IN_FRAMEWORK_HEADER = YES;
				CLANG_WARN_RANGE_LOOP_ANALYSIS = YES;
				CLANG_WARN_STRICT_PROTOTYPES = YES;
				CLANG_WARN_SUSPICIOUS_MOVE = YES;
				CLANG_WARN_UNGUARDED_AVAILABILITY = YES_AGGRESSIVE;
				CLANG_WARN_UNREACHABLE_CODE = YES;
				CLANG_WARN__DUPLICATE_METHOD_MATCH = YES;
				COPY_PHASE_STRIP = NO;
				DEBUG_INFORMATION_FORMAT = "dwarf-with-dsym";
				ENABLE_NS_ASSERTIONS = NO;
				ENABLE_STRICT_OBJC_MSGSEND = YES;
				GCC_C_LANGUAGE_STANDARD = gnu11;
				GCC_NO_COMMON_BLOCKS = YES;
				GCC_WARN_64_TO_32_BIT_CONVERSION = YES;
				GCC_WARN_ABOUT_RETURN_TYPE = YES_ERROR;
				GCC_WARN_UNDECLARED_SELECTOR = YES;
				GCC_WARN_UNINITIALIZED_AUTOS = YES_AGGRESSIVE;
				GCC_WARN_UNUSED_FUNCTION = YES;
				GCC_WARN_UNUSED_VARIABLE = YES;
				IPHONEOS_DEPLOYMENT_TARGET = 14.1;
				MTL_ENABLE_DEBUG_INFO = NO;
				MTL_FAST_MATH = YES;
				SDKROOT = iphoneos;
				SWIFT_COMPILATION_MODE = wholemodule;
				SWIFT_OPTIMIZATION_LEVEL = "-O";
				VALIDATE_PRODUCT = YES;
			};
			name = Release;
		};
		EA566FFD25927B9E00596E6A /* Debug */ = {
			isa = XCBuildConfiguration;
			baseConfigurationReference = 96EA4BC81517436BEC21AB62 /* Pods-Githubgenics.debug.xcconfig */;
			buildSettings = {
				ASSETCATALOG_COMPILER_APPICON_NAME = AppIcon;
				ASSETCATALOG_COMPILER_GLOBAL_ACCENT_COLOR_NAME = AccentColor;
				CODE_SIGN_STYLE = Automatic;
				DEVELOPMENT_TEAM = GY5GDJ28B9;
				INFOPLIST_FILE = Githubgenics/Info.plist;
				LD_RUNPATH_SEARCH_PATHS = (
					"$(inherited)",
					"@executable_path/Frameworks",
				);
				PRODUCT_BUNDLE_IDENTIFIER = com.product.Genics;
				PRODUCT_NAME = "$(TARGET_NAME)";
				SWIFT_VERSION = 5.0;
				TARGETED_DEVICE_FAMILY = 1;
			};
			name = Debug;
		};
		EA566FFE25927B9E00596E6A /* Release */ = {
			isa = XCBuildConfiguration;
			baseConfigurationReference = B43592FB3E722C73C20E1EFF /* Pods-Githubgenics.release.xcconfig */;
			buildSettings = {
				ASSETCATALOG_COMPILER_APPICON_NAME = AppIcon;
				ASSETCATALOG_COMPILER_GLOBAL_ACCENT_COLOR_NAME = AccentColor;
				CODE_SIGN_STYLE = Automatic;
				DEVELOPMENT_TEAM = GY5GDJ28B9;
				INFOPLIST_FILE = Githubgenics/Info.plist;
				LD_RUNPATH_SEARCH_PATHS = (
					"$(inherited)",
					"@executable_path/Frameworks",
				);
				PRODUCT_BUNDLE_IDENTIFIER = com.product.Genics;
				PRODUCT_NAME = "$(TARGET_NAME)";
				SWIFT_VERSION = 5.0;
				TARGETED_DEVICE_FAMILY = 1;
			};
			name = Release;
		};
/* End XCBuildConfiguration section */

/* Begin XCConfigurationList section */
		EA566FE025927B9D00596E6A /* Build configuration list for PBXProject "Githubgenics" */ = {
			isa = XCConfigurationList;
			buildConfigurations = (
				EA566FFA25927B9E00596E6A /* Debug */,
				EA566FFB25927B9E00596E6A /* Release */,
			);
			defaultConfigurationIsVisible = 0;
			defaultConfigurationName = Release;
		};
		EA566FFC25927B9E00596E6A /* Build configuration list for PBXNativeTarget "Githubgenics" */ = {
			isa = XCConfigurationList;
			buildConfigurations = (
				EA566FFD25927B9E00596E6A /* Debug */,
				EA566FFE25927B9E00596E6A /* Release */,
			);
			defaultConfigurationIsVisible = 0;
			defaultConfigurationName = Release;
		};
/* End XCConfigurationList section */

/* Begin XCVersionGroup section */
		EA668B9F25BFE83C00392A30 /* Githubgenics.xcdatamodeld */ = {
			isa = XCVersionGroup;
			children = (
				EA668BA025BFE83C00392A30 /* Githubgenics.xcdatamodel */,
			);
			currentVersion = EA668BA025BFE83C00392A30 /* Githubgenics.xcdatamodel */;
			path = Githubgenics.xcdatamodeld;
			sourceTree = "<group>";
			versionGroupType = wrapper.xcdatamodel;
		};
/* End XCVersionGroup section */
	};
	rootObject = EA566FDD25927B9D00596E6A /* Project object */;
}
